// !$*UTF8*$!
{
	archiveVersion = 1;
	classes = {
	};
	objectVersion = 46;
	objects = {

/* Begin PBXBuildFile section */
		5A9D4BAC17CB24A900B31930 /* main.c in Sources */ = {isa = PBXBuildFile; fileRef = 5A9D4BAB17CB24A900B31930 /* main.c */; };
		5A9D4BAE17CB24A900B31930 /* cCode16.1 in CopyFiles */ = {isa = PBXBuildFile; fileRef = 5A9D4BAD17CB24A900B31930 /* cCode16.1 */; };
/* End PBXBuildFile section */

/* Begin PBXCopyFilesBuildPhase section */
		5A9D4BA617CB24A800B31930 /* CopyFiles */ = {
			isa = PBXCopyFilesBuildPhase;
			buildActionMask = 2147483647;
			dstPath = /usr/share/man/man1/;
			dstSubfolderSpec = 0;
			files = (
				5A9D4BAE17CB24A900B31930 /* cCode16.1 in CopyFiles */,
			);
			runOnlyForDeploymentPostprocessing = 1;
		};
/* End PBXCopyFilesBuildPhase section */

/* Begin PBXFileReference section */
		5A9D4BA817CB24A900B31930 /* cCode16 */ = {isa = PBXFileReference; explicitFileType = "compiled.mach-o.executable"; includeInIndex = 0; path = cCode16; sourceTree = BUILT_PRODUCTS_DIR; };
		5A9D4BAB17CB24A900B31930 /* main.c */ = {isa = PBXFileReference; lastKnownFileType = sourcecode.c.c; path = main.c; sourceTree = "<group>"; };
		5A9D4BAD17CB24A900B31930 /* cCode16.1 */ = {isa = PBXFileReference; lastKnownFileType = text.man; path = cCode16.1; sourceTree = "<group>"; };
/* End PBXFileReference section */

/* Begin PBXFrameworksBuildPhase section */
		5A9D4BA517CB24A800B31930 /* Frameworks */ = {
			isa = PBXFrameworksBuildPhase;
			buildActionMask = 2147483647;
			files = (
			);
			runOnlyForDeploymentPostprocessing = 0;
		};
/* End PBXFrameworksBuildPhase section */

/* Begin PBXGroup section */
		5A9D4B9F17CB24A800B31930 = {
			isa = PBXGroup;
			children = (
				5A9D4BAA17CB24A900B31930 /* cCode16 */,
				5A9D4BA917CB24A900B31930 /* Products */,
			);
			sourceTree = "<group>";
		};
		5A9D4BA917CB24A900B31930 /* Products */ = {
			isa = PBXGroup;
			children = (
				5A9D4BA817CB24A900B31930 /* cCode16 */,
			);
			name = Products;
			sourceTree = "<group>";
		};
		5A9D4BAA17CB24A900B31930 /* cCode16 */ = {
			isa = PBXGroup;
			children = (
				5A9D4BAB17CB24A900B31930 /* main.c */,
				5A9D4BAD17CB24A900B31930 /* cCode16.1 */,
			);
			path = cCode16;
			sourceTree = "<group>";
		};
/* End PBXGroup section */

/* Begin PBXNativeTarget section */
		5A9D4BA717CB24A800B31930 /* cCode16 */ = {
			isa = PBXNativeTarget;
			buildConfigurationList = 5A9D4BB117CB24A900B31930 /* Build configuration list for PBXNativeTarget "cCode16" */;
			buildPhases = (
				5A9D4BA417CB24A800B31930 /* Sources */,
				5A9D4BA517CB24A800B31930 /* Frameworks */,
				5A9D4BA617CB24A800B31930 /* CopyFiles */,
			);
			buildRules = (
			);
			dependencies = (
			);
			name = cCode16;
			productName = cCode16;
			productReference = 5A9D4BA817CB24A900B31930 /* cCode16 */;
			productType = "com.apple.product-type.tool";
		};
/* End PBXNativeTarget section */

/* Begin PBXProject section */
		5A9D4BA017CB24A800B31930 /* Project object */ = {
			isa = PBXProject;
			attributes = {
				LastUpgradeCheck = 0460;
				ORGANIZATIONNAME = liu;
			};
			buildConfigurationList = 5A9D4BA317CB24A800B31930 /* Build configuration list for PBXProject "cCode16" */;
			compatibilityVersion = "Xcode 3.2";
			developmentRegion = English;
			hasScannedForEncodings = 0;
			knownRegions = (
				en,
			);
			mainGroup = 5A9D4B9F17CB24A800B31930;
			productRefGroup = 5A9D4BA917CB24A900B31930 /* Products */;
			projectDirPath = "";
			projectRoot = "";
			targets = (
				5A9D4BA717CB24A800B31930 /* cCode16 */,
			);
		};
/* End PBXProject section */

/* Begin PBXSourcesBuildPhase section */
		5A9D4BA417CB24A800B31930 /* Sources */ = {
			isa = PBXSourcesBuildPhase;
			buildActionMask = 2147483647;
			files = (
				5A9D4BAC17CB24A900B31930 /* main.c in Sources */,
			);
			runOnlyForDeploymentPostprocessing = 0;
		};
/* End PBXSourcesBuildPhase section */

/* Begin XCBuildConfiguration section */
		5A9D4BAF17CB24A900B31930 /* Debug */ = {
			isa = XCBuildConfiguration;
			buildSettings = {
				ALWAYS_SEARCH_USER_PATHS = NO;
				ARCHS = "$(ARCHS_STANDARD_64_BIT)";
				CLANG_CXX_LANGUAGE_STANDARD = "gnu++0x";
				CLANG_CXX_LIBRARY = "libc++";
				CLANG_WARN_CONSTANT_CONVERSION = YES;
				CLANG_WARN_EMPTY_BODY = YES;
				CLANG_WARN_ENUM_CONVERSION = YES;
				CLANG_WARN_INT_CONVERSION = YES;
				CLANG_WARN__DUPLICATE_METHOD_MATCH = YES;
				COPY_PHASE_STRIP = NO;
				GCC_C_LANGUAGE_STANDARD = gnu99;
				GCC_DYNAMIC_NO_PIC = NO;
				GCC_ENABLE_OBJC_EXCEPTIONS = YES;
				GCC_OPTIMIZATION_LEVEL = 0;
				GCC_PREPROCESSOR_DEFINITIONS = (
					"DEBUG=1",
					"$(inherited)",
				);
				GCC_SYMBOLS_PRIVATE_EXTERN = NO;
				GCC_WARN_64_TO_32_BIT_CONVERSION = YES;
				GCC_WARN_ABOUT_RETURN_TYPE = YES;
				GCC_WARN_UNINITIALIZED_AUTOS = YES;
				GCC_WARN_UNUSED_VARIABLE = YES;
				MACOSX_DEPLOYMENT_TARGET = 10.8;
				ONLY_ACTIVE_ARCH = YES;
				SDKROOT = macosx;
			};
			name = Debug;
		};
		5A9D4BB017CB24A900B31930 /* Release */ = {
			isa = XCBuildConfiguration;
			buildSettings = {
				ALWAYS_SEARCH_USER_PATHS = NO;
				ARCHS = "$(ARCHS_STANDARD_64_BIT)";
				CLANG_CXX_LANGUAGE_STANDARD = "gnu++0x";
				CLANG_CXX_LIBRARY = "libc++";
				CLANG_WARN_CONSTANT_CONVERSION = YES;
				CLANG_WARN_EMPTY_BODY = YES;
				CLANG_WARN_ENUM_CONVERSION = YES;
				CLANG_WARN_INT_CONVERSION = YES;
				CLANG_WARN__DUPLICATE_METHOD_MATCH = YES;
				COPY_PHASE_STRIP = YES;
				DEBUG_INFORMATION_FORMAT = "dwarf-with-dsym";
				GCC_C_LANGUAGE_STANDARD = gnu99;
				GCC_ENABLE_OBJC_EXCEPTIONS = YES;
				GCC_WARN_64_TO_32_BIT_CONVERSION = YES;
				GCC_WARN_ABOUT_RETURN_TYPE = YES;
				GCC_WARN_UNINITIALIZED_AUTOS = YES;
				GCC_WARN_UNUSED_VARIABLE = YES;
				MACOSX_DEPLOYMENT_TARGET = 10.8;
				SDKROOT = macosx;
			};
			name = Release;
		};
		5A9D4BB217CB24A900B31930 /* Debug */ = {
			isa = XCBuildConfiguration;
			buildSettings = {
				PRODUCT_NAME = "$(TARGET_NAME)";
			};
			name = Debug;
		};
		5A9D4BB317CB24A900B31930 /* Release */ = {
			isa = XCBuildConfiguration;
			buildSettings = {
				PRODUCT_NAME = "$(TARGET_NAME)";
			};
			name = Release;
		};
/* End XCBuildConfiguration section */

/* Begin XCConfigurationList section */
		5A9D4BA317CB24A800B31930 /* Build configuration list for PBXProject "cCode16" */ = {
			isa = XCConfigurationList;
			buildConfigurations = (
				5A9D4BAF17CB24A900B31930 /* Debug */,
				5A9D4BB017CB24A900B31930 /* Release */,
			);
			defaultConfigurationIsVisible = 0;
			defaultConfigurationName = Release;
		};
		5A9D4BB117CB24A900B31930 /* Build configuration list for PBXNativeTarget "cCode16" */ = {
			isa = XCConfigurationList;
			buildConfigurations = (
				5A9D4BB217CB24A900B31930 /* Debug */,
				5A9D4BB317CB24A900B31930 /* Release */,
			);
			defaultConfigurationIsVisible = 0;
		};
/* End XCConfigurationList section */
	};
	rootObject = 5A9D4BA017CB24A800B31930 /* Project object */;
}
