// !$*UTF8*$!
{
	archiveVersion = 1;
	classes = {
	};
	objectVersion = 46;
	objects = {

/* Begin PBXBuildFile section */
		5A6657F217DD9A5600786BE9 /* main.c in Sources */ = {isa = PBXBuildFile; fileRef = 5A6657F117DD9A5600786BE9 /* main.c */; };
		5A6657F417DD9A5600786BE9 /* cCodeDay26.1 in CopyFiles */ = {isa = PBXBuildFile; fileRef = 5A6657F317DD9A5600786BE9 /* cCodeDay26.1 */; };
/* End PBXBuildFile section */

/* Begin PBXCopyFilesBuildPhase section */
		5A6657EC17DD9A5600786BE9 /* CopyFiles */ = {
			isa = PBXCopyFilesBuildPhase;
			buildActionMask = 2147483647;
			dstPath = /usr/share/man/man1/;
			dstSubfolderSpec = 0;
			files = (
				5A6657F417DD9A5600786BE9 /* cCodeDay26.1 in CopyFiles */,
			);
			runOnlyForDeploymentPostprocessing = 1;
		};
/* End PBXCopyFilesBuildPhase section */

/* Begin PBXFileReference section */
		5A6657EE17DD9A5600786BE9 /* cCodeDay26 */ = {isa = PBXFileReference; explicitFileType = "compiled.mach-o.executable"; includeInIndex = 0; path = cCodeDay26; sourceTree = BUILT_PRODUCTS_DIR; };
		5A6657F117DD9A5600786BE9 /* main.c */ = {isa = PBXFileReference; lastKnownFileType = sourcecode.c.c; path = main.c; sourceTree = "<group>"; };
		5A6657F317DD9A5600786BE9 /* cCodeDay26.1 */ = {isa = PBXFileReference; lastKnownFileType = text.man; path = cCodeDay26.1; sourceTree = "<group>"; };
/* End PBXFileReference section */

/* Begin PBXFrameworksBuildPhase section */
		5A6657EB17DD9A5600786BE9 /* Frameworks */ = {
			isa = PBXFrameworksBuildPhase;
			buildActionMask = 2147483647;
			files = (
			);
			runOnlyForDeploymentPostprocessing = 0;
		};
/* End PBXFrameworksBuildPhase section */

/* Begin PBXGroup section */
		5A6657E517DD9A5600786BE9 = {
			isa = PBXGroup;
			children = (
				5A6657F017DD9A5600786BE9 /* cCodeDay26 */,
				5A6657EF17DD9A5600786BE9 /* Products */,
			);
			sourceTree = "<group>";
		};
		5A6657EF17DD9A5600786BE9 /* Products */ = {
			isa = PBXGroup;
			children = (
				5A6657EE17DD9A5600786BE9 /* cCodeDay26 */,
			);
			name = Products;
			sourceTree = "<group>";
		};
		5A6657F017DD9A5600786BE9 /* cCodeDay26 */ = {
			isa = PBXGroup;
			children = (
				5A6657F117DD9A5600786BE9 /* main.c */,
				5A6657F317DD9A5600786BE9 /* cCodeDay26.1 */,
			);
			path = cCodeDay26;
			sourceTree = "<group>";
		};
/* End PBXGroup section */

/* Begin PBXNativeTarget section */
		5A6657ED17DD9A5600786BE9 /* cCodeDay26 */ = {
			isa = PBXNativeTarget;
			buildConfigurationList = 5A6657F717DD9A5600786BE9 /* Build configuration list for PBXNativeTarget "cCodeDay26" */;
			buildPhases = (
				5A6657EA17DD9A5600786BE9 /* Sources */,
				5A6657EB17DD9A5600786BE9 /* Frameworks */,
				5A6657EC17DD9A5600786BE9 /* CopyFiles */,
			);
			buildRules = (
			);
			dependencies = (
			);
			name = cCodeDay26;
			productName = cCodeDay26;
			productReference = 5A6657EE17DD9A5600786BE9 /* cCodeDay26 */;
			productType = "com.apple.product-type.tool";
		};
/* End PBXNativeTarget section */

/* Begin PBXProject section */
		5A6657E617DD9A5600786BE9 /* Project object */ = {
			isa = PBXProject;
			attributes = {
				LastUpgradeCheck = 0460;
				ORGANIZATIONNAME = liu;
			};
			buildConfigurationList = 5A6657E917DD9A5600786BE9 /* Build configuration list for PBXProject "cCodeDay26" */;
			compatibilityVersion = "Xcode 3.2";
			developmentRegion = English;
			hasScannedForEncodings = 0;
			knownRegions = (
				en,
			);
			mainGroup = 5A6657E517DD9A5600786BE9;
			productRefGroup = 5A6657EF17DD9A5600786BE9 /* Products */;
			projectDirPath = "";
			projectRoot = "";
			targets = (
				5A6657ED17DD9A5600786BE9 /* cCodeDay26 */,
			);
		};
/* End PBXProject section */

/* Begin PBXSourcesBuildPhase section */
		5A6657EA17DD9A5600786BE9 /* Sources */ = {
			isa = PBXSourcesBuildPhase;
			buildActionMask = 2147483647;
			files = (
				5A6657F217DD9A5600786BE9 /* main.c in Sources */,
			);
			runOnlyForDeploymentPostprocessing = 0;
		};
/* End PBXSourcesBuildPhase section */

/* Begin XCBuildConfiguration section */
		5A6657F517DD9A5600786BE9 /* Debug */ = {
			isa = XCBuildConfiguration;
			buildSettings = {
				ALWAYS_SEARCH_USER_PATHS = NO;
				ARCHS = "$(ARCHS_STANDARD_64_BIT)";
				CLANG_CXX_LANGUAGE_STANDARD = "gnu++0x";
				CLANG_CXX_LIBRARY = "libc++";
				CLANG_WARN_CONSTANT_CONVERSION = YES;
				CLANG_WARN_EMPTY_BODY = YES;
				CLANG_WARN_ENUM_CONVERSION = YES;
				CLANG_WARN_INT_CONVERSION = YES;
				CLANG_WARN__DUPLICATE_METHOD_MATCH = YES;
				COPY_PHASE_STRIP = NO;
				GCC_C_LANGUAGE_STANDARD = gnu99;
				GCC_DYNAMIC_NO_PIC = NO;
				GCC_ENABLE_OBJC_EXCEPTIONS = YES;
				GCC_OPTIMIZATION_LEVEL = 0;
				GCC_PREPROCESSOR_DEFINITIONS = (
					"DEBUG=1",
					"$(inherited)",
				);
				GCC_SYMBOLS_PRIVATE_EXTERN = NO;
				GCC_WARN_64_TO_32_BIT_CONVERSION = YES;
				GCC_WARN_ABOUT_RETURN_TYPE = YES;
				GCC_WARN_UNINITIALIZED_AUTOS = YES;
				GCC_WARN_UNUSED_VARIABLE = YES;
				MACOSX_DEPLOYMENT_TARGET = 10.8;
				ONLY_ACTIVE_ARCH = YES;
				SDKROOT = macosx;
			};
			name = Debug;
		};
		5A6657F617DD9A5600786BE9 /* Release */ = {
			isa = XCBuildConfiguration;
			buildSettings = {
				ALWAYS_SEARCH_USER_PATHS = NO;
				ARCHS = "$(ARCHS_STANDARD_64_BIT)";
				CLANG_CXX_LANGUAGE_STANDARD = "gnu++0x";
				CLANG_CXX_LIBRARY = "libc++";
				CLANG_WARN_CONSTANT_CONVERSION = YES;
				CLANG_WARN_EMPTY_BODY = YES;
				CLANG_WARN_ENUM_CONVERSION = YES;
				CLANG_WARN_INT_CONVERSION = YES;
				CLANG_WARN__DUPLICATE_METHOD_MATCH = YES;
				COPY_PHASE_STRIP = YES;
				DEBUG_INFORMATION_FORMAT = "dwarf-with-dsym";
				GCC_C_LANGUAGE_STANDARD = gnu99;
				GCC_ENABLE_OBJC_EXCEPTIONS = YES;
				GCC_WARN_64_TO_32_BIT_CONVERSION = YES;
				GCC_WARN_ABOUT_RETURN_TYPE = YES;
				GCC_WARN_UNINITIALIZED_AUTOS = YES;
				GCC_WARN_UNUSED_VARIABLE = YES;
				MACOSX_DEPLOYMENT_TARGET = 10.8;
				SDKROOT = macosx;
			};
			name = Release;
		};
		5A6657F817DD9A5600786BE9 /* Debug */ = {
			isa = XCBuildConfiguration;
			buildSettings = {
				PRODUCT_NAME = "$(TARGET_NAME)";
			};
			name = Debug;
		};
		5A6657F917DD9A5600786BE9 /* Release */ = {
			isa = XCBuildConfiguration;
			buildSettings = {
				PRODUCT_NAME = "$(TARGET_NAME)";
			};
			name = Release;
		};
/* End XCBuildConfiguration section */

/* Begin XCConfigurationList section */
		5A6657E917DD9A5600786BE9 /* Build configuration list for PBXProject "cCodeDay26" */ = {
			isa = XCConfigurationList;
			buildConfigurations = (
				5A6657F517DD9A5600786BE9 /* Debug */,
				5A6657F617DD9A5600786BE9 /* Release */,
			);
			defaultConfigurationIsVisible = 0;
			defaultConfigurationName = Release;
		};
		5A6657F717DD9A5600786BE9 /* Build configuration list for PBXNativeTarget "cCodeDay26" */ = {
			isa = XCConfigurationList;
			buildConfigurations = (
				5A6657F817DD9A5600786BE9 /* Debug */,
				5A6657F917DD9A5600786BE9 /* Release */,
			);
			defaultConfigurationIsVisible = 0;
		};
/* End XCConfigurationList section */
	};
	rootObject = 5A6657E617DD9A5600786BE9 /* Project object */;
}
