// !$*UTF8*$!
{
	archiveVersion = 1;
	classes = {
	};
	objectVersion = 46;
	objects = {

/* Begin PBXBuildFile section */
		5AB08B6717DEC226005FCA84 /* main.c in Sources */ = {isa = PBXBuildFile; fileRef = 5AB08B6617DEC226005FCA84 /* main.c */; };
		5AB08B6917DEC226005FCA84 /* cCodeDay27.1 in CopyFiles */ = {isa = PBXBuildFile; fileRef = 5AB08B6817DEC226005FCA84 /* cCodeDay27.1 */; };
/* End PBXBuildFile section */

/* Begin PBXCopyFilesBuildPhase section */
		5AB08B6117DEC225005FCA84 /* CopyFiles */ = {
			isa = PBXCopyFilesBuildPhase;
			buildActionMask = 2147483647;
			dstPath = /usr/share/man/man1/;
			dstSubfolderSpec = 0;
			files = (
				5AB08B6917DEC226005FCA84 /* cCodeDay27.1 in CopyFiles */,
			);
			runOnlyForDeploymentPostprocessing = 1;
		};
/* End PBXCopyFilesBuildPhase section */

/* Begin PBXFileReference section */
		5AB08B6317DEC226005FCA84 /* cCodeDay27 */ = {isa = PBXFileReference; explicitFileType = "compiled.mach-o.executable"; includeInIndex = 0; path = cCodeDay27; sourceTree = BUILT_PRODUCTS_DIR; };
		5AB08B6617DEC226005FCA84 /* main.c */ = {isa = PBXFileReference; lastKnownFileType = sourcecode.c.c; path = main.c; sourceTree = "<group>"; };
		5AB08B6817DEC226005FCA84 /* cCodeDay27.1 */ = {isa = PBXFileReference; lastKnownFileType = text.man; path = cCodeDay27.1; sourceTree = "<group>"; };
/* End PBXFileReference section */

/* Begin PBXFrameworksBuildPhase section */
		5AB08B6017DEC225005FCA84 /* Frameworks */ = {
			isa = PBXFrameworksBuildPhase;
			buildActionMask = 2147483647;
			files = (
			);
			runOnlyForDeploymentPostprocessing = 0;
		};
/* End PBXFrameworksBuildPhase section */

/* Begin PBXGroup section */
		5AB08B5A17DEC225005FCA84 = {
			isa = PBXGroup;
			children = (
				5AB08B6517DEC226005FCA84 /* cCodeDay27 */,
				5AB08B6417DEC226005FCA84 /* Products */,
			);
			sourceTree = "<group>";
		};
		5AB08B6417DEC226005FCA84 /* Products */ = {
			isa = PBXGroup;
			children = (
				5AB08B6317DEC226005FCA84 /* cCodeDay27 */,
			);
			name = Products;
			sourceTree = "<group>";
		};
		5AB08B6517DEC226005FCA84 /* cCodeDay27 */ = {
			isa = PBXGroup;
			children = (
				5AB08B6617DEC226005FCA84 /* main.c */,
				5AB08B6817DEC226005FCA84 /* cCodeDay27.1 */,
			);
			path = cCodeDay27;
			sourceTree = "<group>";
		};
/* End PBXGroup section */

/* Begin PBXNativeTarget section */
		5AB08B6217DEC225005FCA84 /* cCodeDay27 */ = {
			isa = PBXNativeTarget;
			buildConfigurationList = 5AB08B6C17DEC226005FCA84 /* Build configuration list for PBXNativeTarget "cCodeDay27" */;
			buildPhases = (
				5AB08B5F17DEC225005FCA84 /* Sources */,
				5AB08B6017DEC225005FCA84 /* Frameworks */,
				5AB08B6117DEC225005FCA84 /* CopyFiles */,
			);
			buildRules = (
			);
			dependencies = (
			);
			name = cCodeDay27;
			productName = cCodeDay27;
			productReference = 5AB08B6317DEC226005FCA84 /* cCodeDay27 */;
			productType = "com.apple.product-type.tool";
		};
/* End PBXNativeTarget section */

/* Begin PBXProject section */
		5AB08B5B17DEC225005FCA84 /* Project object */ = {
			isa = PBXProject;
			attributes = {
				LastUpgradeCheck = 0460;
				ORGANIZATIONNAME = liu;
			};
			buildConfigurationList = 5AB08B5E17DEC225005FCA84 /* Build configuration list for PBXProject "cCodeDay27" */;
			compatibilityVersion = "Xcode 3.2";
			developmentRegion = English;
			hasScannedForEncodings = 0;
			knownRegions = (
				en,
			);
			mainGroup = 5AB08B5A17DEC225005FCA84;
			productRefGroup = 5AB08B6417DEC226005FCA84 /* Products */;
			projectDirPath = "";
			projectRoot = "";
			targets = (
				5AB08B6217DEC225005FCA84 /* cCodeDay27 */,
			);
		};
/* End PBXProject section */

/* Begin PBXSourcesBuildPhase section */
		5AB08B5F17DEC225005FCA84 /* Sources */ = {
			isa = PBXSourcesBuildPhase;
			buildActionMask = 2147483647;
			files = (
				5AB08B6717DEC226005FCA84 /* main.c in Sources */,
			);
			runOnlyForDeploymentPostprocessing = 0;
		};
/* End PBXSourcesBuildPhase section */

/* Begin XCBuildConfiguration section */
		5AB08B6A17DEC226005FCA84 /* Debug */ = {
			isa = XCBuildConfiguration;
			buildSettings = {
				ALWAYS_SEARCH_USER_PATHS = NO;
				ARCHS = "$(ARCHS_STANDARD_64_BIT)";
				CLANG_CXX_LANGUAGE_STANDARD = "gnu++0x";
				CLANG_CXX_LIBRARY = "libc++";
				CLANG_WARN_CONSTANT_CONVERSION = YES;
				CLANG_WARN_EMPTY_BODY = YES;
				CLANG_WARN_ENUM_CONVERSION = YES;
				CLANG_WARN_INT_CONVERSION = YES;
				CLANG_WARN__DUPLICATE_METHOD_MATCH = YES;
				COPY_PHASE_STRIP = NO;
				GCC_C_LANGUAGE_STANDARD = gnu99;
				GCC_DYNAMIC_NO_PIC = NO;
				GCC_ENABLE_OBJC_EXCEPTIONS = YES;
				GCC_OPTIMIZATION_LEVEL = 0;
				GCC_PREPROCESSOR_DEFINITIONS = (
					"DEBUG=1",
					"$(inherited)",
				);
				GCC_SYMBOLS_PRIVATE_EXTERN = NO;
				GCC_WARN_64_TO_32_BIT_CONVERSION = YES;
				GCC_WARN_ABOUT_RETURN_TYPE = YES;
				GCC_WARN_UNINITIALIZED_AUTOS = YES;
				GCC_WARN_UNUSED_VARIABLE = YES;
				MACOSX_DEPLOYMENT_TARGET = 10.8;
				ONLY_ACTIVE_ARCH = YES;
				SDKROOT = macosx;
			};
			name = Debug;
		};
		5AB08B6B17DEC226005FCA84 /* Release */ = {
			isa = XCBuildConfiguration;
			buildSettings = {
				ALWAYS_SEARCH_USER_PATHS = NO;
				ARCHS = "$(ARCHS_STANDARD_64_BIT)";
				CLANG_CXX_LANGUAGE_STANDARD = "gnu++0x";
				CLANG_CXX_LIBRARY = "libc++";
				CLANG_WARN_CONSTANT_CONVERSION = YES;
				CLANG_WARN_EMPTY_BODY = YES;
				CLANG_WARN_ENUM_CONVERSION = YES;
				CLANG_WARN_INT_CONVERSION = YES;
				CLANG_WARN__DUPLICATE_METHOD_MATCH = YES;
				COPY_PHASE_STRIP = YES;
				DEBUG_INFORMATION_FORMAT = "dwarf-with-dsym";
				GCC_C_LANGUAGE_STANDARD = gnu99;
				GCC_ENABLE_OBJC_EXCEPTIONS = YES;
				GCC_WARN_64_TO_32_BIT_CONVERSION = YES;
				GCC_WARN_ABOUT_RETURN_TYPE = YES;
				GCC_WARN_UNINITIALIZED_AUTOS = YES;
				GCC_WARN_UNUSED_VARIABLE = YES;
				MACOSX_DEPLOYMENT_TARGET = 10.8;
				SDKROOT = macosx;
			};
			name = Release;
		};
		5AB08B6D17DEC226005FCA84 /* Debug */ = {
			isa = XCBuildConfiguration;
			buildSettings = {
				PRODUCT_NAME = "$(TARGET_NAME)";
			};
			name = Debug;
		};
		5AB08B6E17DEC226005FCA84 /* Release */ = {
			isa = XCBuildConfiguration;
			buildSettings = {
				PRODUCT_NAME = "$(TARGET_NAME)";
			};
			name = Release;
		};
/* End XCBuildConfiguration section */

/* Begin XCConfigurationList section */
		5AB08B5E17DEC225005FCA84 /* Build configuration list for PBXProject "cCodeDay27" */ = {
			isa = XCConfigurationList;
			buildConfigurations = (
				5AB08B6A17DEC226005FCA84 /* Debug */,
				5AB08B6B17DEC226005FCA84 /* Release */,
			);
			defaultConfigurationIsVisible = 0;
			defaultConfigurationName = Release;
		};
		5AB08B6C17DEC226005FCA84 /* Build configuration list for PBXNativeTarget "cCodeDay27" */ = {
			isa = XCConfigurationList;
			buildConfigurations = (
				5AB08B6D17DEC226005FCA84 /* Debug */,
				5AB08B6E17DEC226005FCA84 /* Release */,
			);
			defaultConfigurationIsVisible = 0;
		};
/* End XCConfigurationList section */
	};
	rootObject = 5AB08B5B17DEC225005FCA84 /* Project object */;
}
