// !$*UTF8*$!
{
	archiveVersion = 1;
	classes = {
	};
	objectVersion = 46;
	objects = {

/* Begin PBXBuildFile section */
		55830E301820DC7800DB9F80 /* UIKit.framework in Frameworks */ = {isa = PBXBuildFile; fileRef = 55830E2F1820DC7800DB9F80 /* UIKit.framework */; };
		55830E321820DC7800DB9F80 /* Foundation.framework in Frameworks */ = {isa = PBXBuildFile; fileRef = 55830E311820DC7800DB9F80 /* Foundation.framework */; };
		55830E341820DC7800DB9F80 /* CoreGraphics.framework in Frameworks */ = {isa = PBXBuildFile; fileRef = 55830E331820DC7800DB9F80 /* CoreGraphics.framework */; };
		55830E3A1820DC7800DB9F80 /* InfoPlist.strings in Resources */ = {isa = PBXBuildFile; fileRef = 55830E381820DC7800DB9F80 /* InfoPlist.strings */; };
		55830E3C1820DC7800DB9F80 /* main.m in Sources */ = {isa = PBXBuildFile; fileRef = 55830E3B1820DC7800DB9F80 /* main.m */; };
		55830E401820DC7800DB9F80 /* AppDelegate.m in Sources */ = {isa = PBXBuildFile; fileRef = 55830E3F1820DC7800DB9F80 /* AppDelegate.m */; };
		55830E421820DC7800DB9F80 /* Default.png in Resources */ = {isa = PBXBuildFile; fileRef = 55830E411820DC7800DB9F80 /* Default.png */; };
		55830E441820DC7800DB9F80 /* Default@2x.png in Resources */ = {isa = PBXBuildFile; fileRef = 55830E431820DC7800DB9F80 /* Default@2x.png */; };
		55830E461820DC7800DB9F80 /* Default-568h@2x.png in Resources */ = {isa = PBXBuildFile; fileRef = 55830E451820DC7800DB9F80 /* Default-568h@2x.png */; };
		55830E491820DC7800DB9F80 /* MainStoryboard.storyboard in Resources */ = {isa = PBXBuildFile; fileRef = 55830E471820DC7800DB9F80 /* MainStoryboard.storyboard */; };
		55830E4C1820DC7800DB9F80 /* ViewController.m in Sources */ = {isa = PBXBuildFile; fileRef = 55830E4B1820DC7800DB9F80 /* ViewController.m */; };
		55830E541820F13000DB9F80 /* button.png in Resources */ = {isa = PBXBuildFile; fileRef = 55830E531820F13000DB9F80 /* button.png */; };
/* End PBXBuildFile section */

/* Begin PBXFileReference section */
		55830E2C1820DC7800DB9F80 /* compantsDemo.app */ = {isa = PBXFileReference; explicitFileType = wrapper.application; includeInIndex = 0; path = compantsDemo.app; sourceTree = BUILT_PRODUCTS_DIR; };
		55830E2F1820DC7800DB9F80 /* UIKit.framework */ = {isa = PBXFileReference; lastKnownFileType = wrapper.framework; name = UIKit.framework; path = System/Library/Frameworks/UIKit.framework; sourceTree = SDKROOT; };
		55830E311820DC7800DB9F80 /* Foundation.framework */ = {isa = PBXFileReference; lastKnownFileType = wrapper.framework; name = Foundation.framework; path = System/Library/Frameworks/Foundation.framework; sourceTree = SDKROOT; };
		55830E331820DC7800DB9F80 /* CoreGraphics.framework */ = {isa = PBXFileReference; lastKnownFileType = wrapper.framework; name = CoreGraphics.framework; path = System/Library/Frameworks/CoreGraphics.framework; sourceTree = SDKROOT; };
		55830E371820DC7800DB9F80 /* compantsDemo-Info.plist */ = {isa = PBXFileReference; lastKnownFileType = text.plist.xml; path = "compantsDemo-Info.plist"; sourceTree = "<group>"; };
		55830E391820DC7800DB9F80 /* en */ = {isa = PBXFileReference; lastKnownFileType = text.plist.strings; name = en; path = en.lproj/InfoPlist.strings; sourceTree = "<group>"; };
		55830E3B1820DC7800DB9F80 /* main.m */ = {isa = PBXFileReference; lastKnownFileType = sourcecode.c.objc; path = main.m; sourceTree = "<group>"; };
		55830E3D1820DC7800DB9F80 /* compantsDemo-Prefix.pch */ = {isa = PBXFileReference; lastKnownFileType = sourcecode.c.h; path = "compantsDemo-Prefix.pch"; sourceTree = "<group>"; };
		55830E3E1820DC7800DB9F80 /* AppDelegate.h */ = {isa = PBXFileReference; lastKnownFileType = sourcecode.c.h; path = AppDelegate.h; sourceTree = "<group>"; };
		55830E3F1820DC7800DB9F80 /* AppDelegate.m */ = {isa = PBXFileReference; lastKnownFileType = sourcecode.c.objc; path = AppDelegate.m; sourceTree = "<group>"; };
		55830E411820DC7800DB9F80 /* Default.png */ = {isa = PBXFileReference; lastKnownFileType = image.png; path = Default.png; sourceTree = "<group>"; };
		55830E431820DC7800DB9F80 /* Default@2x.png */ = {isa = PBXFileReference; lastKnownFileType = image.png; path = "Default@2x.png"; sourceTree = "<group>"; };
		55830E451820DC7800DB9F80 /* Default-568h@2x.png */ = {isa = PBXFileReference; lastKnownFileType = image.png; path = "Default-568h@2x.png"; sourceTree = "<group>"; };
		55830E481820DC7800DB9F80 /* en */ = {isa = PBXFileReference; lastKnownFileType = file.storyboard; name = en; path = en.lproj/MainStoryboard.storyboard; sourceTree = "<group>"; };
		55830E4A1820DC7800DB9F80 /* ViewController.h */ = {isa = PBXFileReference; lastKnownFileType = sourcecode.c.h; path = ViewController.h; sourceTree = "<group>"; };
		55830E4B1820DC7800DB9F80 /* ViewController.m */ = {isa = PBXFileReference; lastKnownFileType = sourcecode.c.objc; path = ViewController.m; sourceTree = "<group>"; };
		55830E531820F13000DB9F80 /* button.png */ = {isa = PBXFileReference; lastKnownFileType = image.png; path = button.png; sourceTree = "<group>"; };
/* End PBXFileReference section */

/* Begin PBXFrameworksBuildPhase section */
		55830E291820DC7800DB9F80 /* Frameworks */ = {
			isa = PBXFrameworksBuildPhase;
			buildActionMask = 2147483647;
			files = (
				55830E301820DC7800DB9F80 /* UIKit.framework in Frameworks */,
				55830E321820DC7800DB9F80 /* Foundation.framework in Frameworks */,
				55830E341820DC7800DB9F80 /* CoreGraphics.framework in Frameworks */,
			);
			runOnlyForDeploymentPostprocessing = 0;
		};
/* End PBXFrameworksBuildPhase section */

/* Begin PBXGroup section */
		55830E231820DC7800DB9F80 = {
			isa = PBXGroup;
			children = (
				55830E351820DC7800DB9F80 /* compantsDemo */,
				55830E2E1820DC7800DB9F80 /* Frameworks */,
				55830E2D1820DC7800DB9F80 /* Products */,
			);
			sourceTree = "<group>";
		};
		55830E2D1820DC7800DB9F80 /* Products */ = {
			isa = PBXGroup;
			children = (
				55830E2C1820DC7800DB9F80 /* compantsDemo.app */,
			);
			name = Products;
			sourceTree = "<group>";
		};
		55830E2E1820DC7800DB9F80 /* Frameworks */ = {
			isa = PBXGroup;
			children = (
				55830E2F1820DC7800DB9F80 /* UIKit.framework */,
				55830E311820DC7800DB9F80 /* Foundation.framework */,
				55830E331820DC7800DB9F80 /* CoreGraphics.framework */,
			);
			name = Frameworks;
			sourceTree = "<group>";
		};
		55830E351820DC7800DB9F80 /* compantsDemo */ = {
			isa = PBXGroup;
			children = (
				55830E521820F12600DB9F80 /* images */,
				55830E3E1820DC7800DB9F80 /* AppDelegate.h */,
				55830E3F1820DC7800DB9F80 /* AppDelegate.m */,
				55830E471820DC7800DB9F80 /* MainStoryboard.storyboard */,
				55830E4A1820DC7800DB9F80 /* ViewController.h */,
				55830E4B1820DC7800DB9F80 /* ViewController.m */,
				55830E361820DC7800DB9F80 /* Supporting Files */,
			);
			path = compantsDemo;
			sourceTree = "<group>";
		};
		55830E361820DC7800DB9F80 /* Supporting Files */ = {
			isa = PBXGroup;
			children = (
				55830E371820DC7800DB9F80 /* compantsDemo-Info.plist */,
				55830E381820DC7800DB9F80 /* InfoPlist.strings */,
				55830E3B1820DC7800DB9F80 /* main.m */,
				55830E3D1820DC7800DB9F80 /* compantsDemo-Prefix.pch */,
				55830E411820DC7800DB9F80 /* Default.png */,
				55830E431820DC7800DB9F80 /* Default@2x.png */,
				55830E451820DC7800DB9F80 /* Default-568h@2x.png */,
			);
			name = "Supporting Files";
			sourceTree = "<group>";
		};
		55830E521820F12600DB9F80 /* images */ = {
			isa = PBXGroup;
			children = (
				55830E531820F13000DB9F80 /* button.png */,
			);
			name = images;
			sourceTree = "<group>";
		};
/* End PBXGroup section */

/* Begin PBXNativeTarget section */
		55830E2B1820DC7800DB9F80 /* compantsDemo */ = {
			isa = PBXNativeTarget;
			buildConfigurationList = 55830E4F1820DC7800DB9F80 /* Build configuration list for PBXNativeTarget "compantsDemo" */;
			buildPhases = (
				55830E281820DC7800DB9F80 /* Sources */,
				55830E291820DC7800DB9F80 /* Frameworks */,
				55830E2A1820DC7800DB9F80 /* Resources */,
			);
			buildRules = (
			);
			dependencies = (
			);
			name = compantsDemo;
			productName = compantsDemo;
			productReference = 55830E2C1820DC7800DB9F80 /* compantsDemo.app */;
			productType = "com.apple.product-type.application";
		};
/* End PBXNativeTarget section */

/* Begin PBXProject section */
		55830E241820DC7800DB9F80 /* Project object */ = {
			isa = PBXProject;
			attributes = {
				LastUpgradeCheck = 0460;
				ORGANIZATIONNAME = xxxx;
			};
			buildConfigurationList = 55830E271820DC7800DB9F80 /* Build configuration list for PBXProject "compantsDemo" */;
			compatibilityVersion = "Xcode 3.2";
			developmentRegion = English;
			hasScannedForEncodings = 0;
			knownRegions = (
				en,
			);
			mainGroup = 55830E231820DC7800DB9F80;
			productRefGroup = 55830E2D1820DC7800DB9F80 /* Products */;
			projectDirPath = "";
			projectRoot = "";
			targets = (
				55830E2B1820DC7800DB9F80 /* compantsDemo */,
			);
		};
/* End PBXProject section */

/* Begin PBXResourcesBuildPhase section */
		55830E2A1820DC7800DB9F80 /* Resources */ = {
			isa = PBXResourcesBuildPhase;
			buildActionMask = 2147483647;
			files = (
				55830E3A1820DC7800DB9F80 /* InfoPlist.strings in Resources */,
				55830E421820DC7800DB9F80 /* Default.png in Resources */,
				55830E441820DC7800DB9F80 /* Default@2x.png in Resources */,
				55830E461820DC7800DB9F80 /* Default-568h@2x.png in Resources */,
				55830E491820DC7800DB9F80 /* MainStoryboard.storyboard in Resources */,
				55830E541820F13000DB9F80 /* button.png in Resources */,
			);
			runOnlyForDeploymentPostprocessing = 0;
		};
/* End PBXResourcesBuildPhase section */

/* Begin PBXSourcesBuildPhase section */
		55830E281820DC7800DB9F80 /* Sources */ = {
			isa = PBXSourcesBuildPhase;
			buildActionMask = 2147483647;
			files = (
				55830E3C1820DC7800DB9F80 /* main.m in Sources */,
				55830E401820DC7800DB9F80 /* AppDelegate.m in Sources */,
				55830E4C1820DC7800DB9F80 /* ViewController.m in Sources */,
			);
			runOnlyForDeploymentPostprocessing = 0;
		};
/* End PBXSourcesBuildPhase section */

/* Begin PBXVariantGroup section */
		55830E381820DC7800DB9F80 /* InfoPlist.strings */ = {
			isa = PBXVariantGroup;
			children = (
				55830E391820DC7800DB9F80 /* en */,
			);
			name = InfoPlist.strings;
			sourceTree = "<group>";
		};
		55830E471820DC7800DB9F80 /* MainStoryboard.storyboard */ = {
			isa = PBXVariantGroup;
			children = (
				55830E481820DC7800DB9F80 /* en */,
			);
			name = MainStoryboard.storyboard;
			sourceTree = "<group>";
		};
/* End PBXVariantGroup section */

/* Begin XCBuildConfiguration section */
		55830E4D1820DC7800DB9F80 /* Debug */ = {
			isa = XCBuildConfiguration;
			buildSettings = {
				ALWAYS_SEARCH_USER_PATHS = NO;
				CLANG_CXX_LANGUAGE_STANDARD = "gnu++0x";
				CLANG_CXX_LIBRARY = "libc++";
				CLANG_ENABLE_OBJC_ARC = YES;
				CLANG_WARN_CONSTANT_CONVERSION = YES;
				CLANG_WARN_EMPTY_BODY = YES;
				CLANG_WARN_ENUM_CONVERSION = YES;
				CLANG_WARN_INT_CONVERSION = YES;
				CLANG_WARN__DUPLICATE_METHOD_MATCH = YES;
				"CODE_SIGN_IDENTITY[sdk=iphoneos*]" = "iPhone Developer";
				COPY_PHASE_STRIP = NO;
				GCC_C_LANGUAGE_STANDARD = gnu99;
				GCC_DYNAMIC_NO_PIC = NO;
				GCC_OPTIMIZATION_LEVEL = 0;
				GCC_PREPROCESSOR_DEFINITIONS = (
					"DEBUG=1",
					"$(inherited)",
				);
				GCC_SYMBOLS_PRIVATE_EXTERN = NO;
				GCC_WARN_ABOUT_RETURN_TYPE = YES;
				GCC_WARN_UNINITIALIZED_AUTOS = YES;
				GCC_WARN_UNUSED_VARIABLE = YES;
				IPHONEOS_DEPLOYMENT_TARGET = 6.1;
				ONLY_ACTIVE_ARCH = YES;
				SDKROOT = iphoneos;
			};
			name = Debug;
		};
		55830E4E1820DC7800DB9F80 /* Release */ = {
			isa = XCBuildConfiguration;
			buildSettings = {
				ALWAYS_SEARCH_USER_PATHS = NO;
				CLANG_CXX_LANGUAGE_STANDARD = "gnu++0x";
				CLANG_CXX_LIBRARY = "libc++";
				CLANG_ENABLE_OBJC_ARC = YES;
				CLANG_WARN_CONSTANT_CONVERSION = YES;
				CLANG_WARN_EMPTY_BODY = YES;
				CLANG_WARN_ENUM_CONVERSION = YES;
				CLANG_WARN_INT_CONVERSION = YES;
				CLANG_WARN__DUPLICATE_METHOD_MATCH = YES;
				"CODE_SIGN_IDENTITY[sdk=iphoneos*]" = "iPhone Developer";
				COPY_PHASE_STRIP = YES;
				GCC_C_LANGUAGE_STANDARD = gnu99;
				GCC_WARN_ABOUT_RETURN_TYPE = YES;
				GCC_WARN_UNINITIALIZED_AUTOS = YES;
				GCC_WARN_UNUSED_VARIABLE = YES;
				IPHONEOS_DEPLOYMENT_TARGET = 6.1;
				OTHER_CFLAGS = "-DNS_BLOCK_ASSERTIONS=1";
				SDKROOT = iphoneos;
				VALIDATE_PRODUCT = YES;
			};
			name = Release;
		};
		55830E501820DC7800DB9F80 /* Debug */ = {
			isa = XCBuildConfiguration;
			buildSettings = {
				GCC_PRECOMPILE_PREFIX_HEADER = YES;
				GCC_PREFIX_HEADER = "compantsDemo/compantsDemo-Prefix.pch";
				INFOPLIST_FILE = "compantsDemo/compantsDemo-Info.plist";
				PRODUCT_NAME = "$(TARGET_NAME)";
				WRAPPER_EXTENSION = app;
			};
			name = Debug;
		};
		55830E511820DC7800DB9F80 /* Release */ = {
			isa = XCBuildConfiguration;
			buildSettings = {
				GCC_PRECOMPILE_PREFIX_HEADER = YES;
				GCC_PREFIX_HEADER = "compantsDemo/compantsDemo-Prefix.pch";
				INFOPLIST_FILE = "compantsDemo/compantsDemo-Info.plist";
				PRODUCT_NAME = "$(TARGET_NAME)";
				WRAPPER_EXTENSION = app;
			};
			name = Release;
		};
/* End XCBuildConfiguration section */

/* Begin XCConfigurationList section */
		55830E271820DC7800DB9F80 /* Build configuration list for PBXProject "compantsDemo" */ = {
			isa = XCConfigurationList;
			buildConfigurations = (
				55830E4D1820DC7800DB9F80 /* Debug */,
				55830E4E1820DC7800DB9F80 /* Release */,
			);
			defaultConfigurationIsVisible = 0;
			defaultConfigurationName = Release;
		};
		55830E4F1820DC7800DB9F80 /* Build configuration list for PBXNativeTarget "compantsDemo" */ = {
			isa = XCConfigurationList;
			buildConfigurations = (
				55830E501820DC7800DB9F80 /* Debug */,
				55830E511820DC7800DB9F80 /* Release */,
			);
			defaultConfigurationIsVisible = 0;
		};
/* End XCConfigurationList section */
	};
	rootObject = 55830E241820DC7800DB9F80 /* Project object */;
}
