// !$*UTF8*$!
{
	archiveVersion = 1;
	classes = {
	};
	objectVersion = 46;
	objects = {

/* Begin PBXBuildFile section */
		55C3E21C181E51E4002FD7DD /* UIKit.framework in Frameworks */ = {isa = PBXBuildFile; fileRef = 55C3E21B181E51E4002FD7DD /* UIKit.framework */; };
		55C3E21E181E51E4002FD7DD /* Foundation.framework in Frameworks */ = {isa = PBXBuildFile; fileRef = 55C3E21D181E51E4002FD7DD /* Foundation.framework */; };
		55C3E220181E51E4002FD7DD /* CoreGraphics.framework in Frameworks */ = {isa = PBXBuildFile; fileRef = 55C3E21F181E51E4002FD7DD /* CoreGraphics.framework */; };
		55C3E226181E51E4002FD7DD /* InfoPlist.strings in Resources */ = {isa = PBXBuildFile; fileRef = 55C3E224181E51E4002FD7DD /* InfoPlist.strings */; };
		55C3E228181E51E4002FD7DD /* main.m in Sources */ = {isa = PBXBuildFile; fileRef = 55C3E227181E51E4002FD7DD /* main.m */; };
		55C3E22C181E51E4002FD7DD /* AppDelegate.m in Sources */ = {isa = PBXBuildFile; fileRef = 55C3E22B181E51E4002FD7DD /* AppDelegate.m */; };
		55C3E22E181E51E4002FD7DD /* Default.png in Resources */ = {isa = PBXBuildFile; fileRef = 55C3E22D181E51E4002FD7DD /* Default.png */; };
		55C3E230181E51E4002FD7DD /* Default@2x.png in Resources */ = {isa = PBXBuildFile; fileRef = 55C3E22F181E51E4002FD7DD /* Default@2x.png */; };
		55C3E232181E51E4002FD7DD /* Default-568h@2x.png in Resources */ = {isa = PBXBuildFile; fileRef = 55C3E231181E51E4002FD7DD /* Default-568h@2x.png */; };
		55C3E23B181E5252002FD7DD /* RootViewController.m in Sources */ = {isa = PBXBuildFile; fileRef = 55C3E239181E5252002FD7DD /* RootViewController.m */; };
		55C3E23C181E5252002FD7DD /* RootViewController.xib in Resources */ = {isa = PBXBuildFile; fileRef = 55C3E23A181E5252002FD7DD /* RootViewController.xib */; };
/* End PBXBuildFile section */

/* Begin PBXFileReference section */
		55C3E218181E51E4002FD7DD /* textFieldDelegateDemo.app */ = {isa = PBXFileReference; explicitFileType = wrapper.application; includeInIndex = 0; path = textFieldDelegateDemo.app; sourceTree = BUILT_PRODUCTS_DIR; };
		55C3E21B181E51E4002FD7DD /* UIKit.framework */ = {isa = PBXFileReference; lastKnownFileType = wrapper.framework; name = UIKit.framework; path = System/Library/Frameworks/UIKit.framework; sourceTree = SDKROOT; };
		55C3E21D181E51E4002FD7DD /* Foundation.framework */ = {isa = PBXFileReference; lastKnownFileType = wrapper.framework; name = Foundation.framework; path = System/Library/Frameworks/Foundation.framework; sourceTree = SDKROOT; };
		55C3E21F181E51E4002FD7DD /* CoreGraphics.framework */ = {isa = PBXFileReference; lastKnownFileType = wrapper.framework; name = CoreGraphics.framework; path = System/Library/Frameworks/CoreGraphics.framework; sourceTree = SDKROOT; };
		55C3E223181E51E4002FD7DD /* textFieldDelegateDemo-Info.plist */ = {isa = PBXFileReference; lastKnownFileType = text.plist.xml; path = "textFieldDelegateDemo-Info.plist"; sourceTree = "<group>"; };
		55C3E225181E51E4002FD7DD /* en */ = {isa = PBXFileReference; lastKnownFileType = text.plist.strings; name = en; path = en.lproj/InfoPlist.strings; sourceTree = "<group>"; };
		55C3E227181E51E4002FD7DD /* main.m */ = {isa = PBXFileReference; lastKnownFileType = sourcecode.c.objc; path = main.m; sourceTree = "<group>"; };
		55C3E229181E51E4002FD7DD /* textFieldDelegateDemo-Prefix.pch */ = {isa = PBXFileReference; lastKnownFileType = sourcecode.c.h; path = "textFieldDelegateDemo-Prefix.pch"; sourceTree = "<group>"; };
		55C3E22A181E51E4002FD7DD /* AppDelegate.h */ = {isa = PBXFileReference; lastKnownFileType = sourcecode.c.h; path = AppDelegate.h; sourceTree = "<group>"; };
		55C3E22B181E51E4002FD7DD /* AppDelegate.m */ = {isa = PBXFileReference; lastKnownFileType = sourcecode.c.objc; path = AppDelegate.m; sourceTree = "<group>"; };
		55C3E22D181E51E4002FD7DD /* Default.png */ = {isa = PBXFileReference; lastKnownFileType = image.png; path = Default.png; sourceTree = "<group>"; };
		55C3E22F181E51E4002FD7DD /* Default@2x.png */ = {isa = PBXFileReference; lastKnownFileType = image.png; path = "Default@2x.png"; sourceTree = "<group>"; };
		55C3E231181E51E4002FD7DD /* Default-568h@2x.png */ = {isa = PBXFileReference; lastKnownFileType = image.png; path = "Default-568h@2x.png"; sourceTree = "<group>"; };
		55C3E238181E5252002FD7DD /* RootViewController.h */ = {isa = PBXFileReference; fileEncoding = 4; lastKnownFileType = sourcecode.c.h; path = RootViewController.h; sourceTree = "<group>"; };
		55C3E239181E5252002FD7DD /* RootViewController.m */ = {isa = PBXFileReference; fileEncoding = 4; lastKnownFileType = sourcecode.c.objc; path = RootViewController.m; sourceTree = "<group>"; };
		55C3E23A181E5252002FD7DD /* RootViewController.xib */ = {isa = PBXFileReference; fileEncoding = 4; lastKnownFileType = file.xib; path = RootViewController.xib; sourceTree = "<group>"; };
/* End PBXFileReference section */

/* Begin PBXFrameworksBuildPhase section */
		55C3E215181E51E4002FD7DD /* Frameworks */ = {
			isa = PBXFrameworksBuildPhase;
			buildActionMask = 2147483647;
			files = (
				55C3E21C181E51E4002FD7DD /* UIKit.framework in Frameworks */,
				55C3E21E181E51E4002FD7DD /* Foundation.framework in Frameworks */,
				55C3E220181E51E4002FD7DD /* CoreGraphics.framework in Frameworks */,
			);
			runOnlyForDeploymentPostprocessing = 0;
		};
/* End PBXFrameworksBuildPhase section */

/* Begin PBXGroup section */
		55C3E20F181E51E4002FD7DD = {
			isa = PBXGroup;
			children = (
				55C3E221181E51E4002FD7DD /* textFieldDelegateDemo */,
				55C3E21A181E51E4002FD7DD /* Frameworks */,
				55C3E219181E51E4002FD7DD /* Products */,
			);
			sourceTree = "<group>";
		};
		55C3E219181E51E4002FD7DD /* Products */ = {
			isa = PBXGroup;
			children = (
				55C3E218181E51E4002FD7DD /* textFieldDelegateDemo.app */,
			);
			name = Products;
			sourceTree = "<group>";
		};
		55C3E21A181E51E4002FD7DD /* Frameworks */ = {
			isa = PBXGroup;
			children = (
				55C3E21B181E51E4002FD7DD /* UIKit.framework */,
				55C3E21D181E51E4002FD7DD /* Foundation.framework */,
				55C3E21F181E51E4002FD7DD /* CoreGraphics.framework */,
			);
			name = Frameworks;
			sourceTree = "<group>";
		};
		55C3E221181E51E4002FD7DD /* textFieldDelegateDemo */ = {
			isa = PBXGroup;
			children = (
				55C3E22A181E51E4002FD7DD /* AppDelegate.h */,
				55C3E22B181E51E4002FD7DD /* AppDelegate.m */,
				55C3E222181E51E4002FD7DD /* Supporting Files */,
				55C3E238181E5252002FD7DD /* RootViewController.h */,
				55C3E239181E5252002FD7DD /* RootViewController.m */,
				55C3E23A181E5252002FD7DD /* RootViewController.xib */,
			);
			path = textFieldDelegateDemo;
			sourceTree = "<group>";
		};
		55C3E222181E51E4002FD7DD /* Supporting Files */ = {
			isa = PBXGroup;
			children = (
				55C3E223181E51E4002FD7DD /* textFieldDelegateDemo-Info.plist */,
				55C3E224181E51E4002FD7DD /* InfoPlist.strings */,
				55C3E227181E51E4002FD7DD /* main.m */,
				55C3E229181E51E4002FD7DD /* textFieldDelegateDemo-Prefix.pch */,
				55C3E22D181E51E4002FD7DD /* Default.png */,
				55C3E22F181E51E4002FD7DD /* Default@2x.png */,
				55C3E231181E51E4002FD7DD /* Default-568h@2x.png */,
			);
			name = "Supporting Files";
			sourceTree = "<group>";
		};
/* End PBXGroup section */

/* Begin PBXNativeTarget section */
		55C3E217181E51E4002FD7DD /* textFieldDelegateDemo */ = {
			isa = PBXNativeTarget;
			buildConfigurationList = 55C3E235181E51E4002FD7DD /* Build configuration list for PBXNativeTarget "textFieldDelegateDemo" */;
			buildPhases = (
				55C3E214181E51E4002FD7DD /* Sources */,
				55C3E215181E51E4002FD7DD /* Frameworks */,
				55C3E216181E51E4002FD7DD /* Resources */,
			);
			buildRules = (
			);
			dependencies = (
			);
			name = textFieldDelegateDemo;
			productName = textFieldDelegateDemo;
			productReference = 55C3E218181E51E4002FD7DD /* textFieldDelegateDemo.app */;
			productType = "com.apple.product-type.application";
		};
/* End PBXNativeTarget section */

/* Begin PBXProject section */
		55C3E210181E51E4002FD7DD /* Project object */ = {
			isa = PBXProject;
			attributes = {
				LastUpgradeCheck = 0460;
				ORGANIZATIONNAME = xxxx;
			};
			buildConfigurationList = 55C3E213181E51E4002FD7DD /* Build configuration list for PBXProject "textFieldDelegateDemo" */;
			compatibilityVersion = "Xcode 3.2";
			developmentRegion = English;
			hasScannedForEncodings = 0;
			knownRegions = (
				en,
			);
			mainGroup = 55C3E20F181E51E4002FD7DD;
			productRefGroup = 55C3E219181E51E4002FD7DD /* Products */;
			projectDirPath = "";
			projectRoot = "";
			targets = (
				55C3E217181E51E4002FD7DD /* textFieldDelegateDemo */,
			);
		};
/* End PBXProject section */

/* Begin PBXResourcesBuildPhase section */
		55C3E216181E51E4002FD7DD /* Resources */ = {
			isa = PBXResourcesBuildPhase;
			buildActionMask = 2147483647;
			files = (
				55C3E226181E51E4002FD7DD /* InfoPlist.strings in Resources */,
				55C3E22E181E51E4002FD7DD /* Default.png in Resources */,
				55C3E230181E51E4002FD7DD /* Default@2x.png in Resources */,
				55C3E232181E51E4002FD7DD /* Default-568h@2x.png in Resources */,
				55C3E23C181E5252002FD7DD /* RootViewController.xib in Resources */,
			);
			runOnlyForDeploymentPostprocessing = 0;
		};
/* End PBXResourcesBuildPhase section */

/* Begin PBXSourcesBuildPhase section */
		55C3E214181E51E4002FD7DD /* Sources */ = {
			isa = PBXSourcesBuildPhase;
			buildActionMask = 2147483647;
			files = (
				55C3E228181E51E4002FD7DD /* main.m in Sources */,
				55C3E22C181E51E4002FD7DD /* AppDelegate.m in Sources */,
				55C3E23B181E5252002FD7DD /* RootViewController.m in Sources */,
			);
			runOnlyForDeploymentPostprocessing = 0;
		};
/* End PBXSourcesBuildPhase section */

/* Begin PBXVariantGroup section */
		55C3E224181E51E4002FD7DD /* InfoPlist.strings */ = {
			isa = PBXVariantGroup;
			children = (
				55C3E225181E51E4002FD7DD /* en */,
			);
			name = InfoPlist.strings;
			sourceTree = "<group>";
		};
/* End PBXVariantGroup section */

/* Begin XCBuildConfiguration section */
		55C3E233181E51E4002FD7DD /* Debug */ = {
			isa = XCBuildConfiguration;
			buildSettings = {
				ALWAYS_SEARCH_USER_PATHS = NO;
				CLANG_CXX_LANGUAGE_STANDARD = "gnu++0x";
				CLANG_CXX_LIBRARY = "libc++";
				CLANG_ENABLE_OBJC_ARC = YES;
				CLANG_WARN_CONSTANT_CONVERSION = YES;
				CLANG_WARN_EMPTY_BODY = YES;
				CLANG_WARN_ENUM_CONVERSION = YES;
				CLANG_WARN_INT_CONVERSION = YES;
				CLANG_WARN__DUPLICATE_METHOD_MATCH = YES;
				"CODE_SIGN_IDENTITY[sdk=iphoneos*]" = "iPhone Developer";
				COPY_PHASE_STRIP = NO;
				GCC_C_LANGUAGE_STANDARD = gnu99;
				GCC_DYNAMIC_NO_PIC = NO;
				GCC_OPTIMIZATION_LEVEL = 0;
				GCC_PREPROCESSOR_DEFINITIONS = (
					"DEBUG=1",
					"$(inherited)",
				);
				GCC_SYMBOLS_PRIVATE_EXTERN = NO;
				GCC_WARN_ABOUT_RETURN_TYPE = YES;
				GCC_WARN_UNINITIALIZED_AUTOS = YES;
				GCC_WARN_UNUSED_VARIABLE = YES;
				IPHONEOS_DEPLOYMENT_TARGET = 6.1;
				ONLY_ACTIVE_ARCH = YES;
				SDKROOT = iphoneos;
			};
			name = Debug;
		};
		55C3E234181E51E4002FD7DD /* Release */ = {
			isa = XCBuildConfiguration;
			buildSettings = {
				ALWAYS_SEARCH_USER_PATHS = NO;
				CLANG_CXX_LANGUAGE_STANDARD = "gnu++0x";
				CLANG_CXX_LIBRARY = "libc++";
				CLANG_ENABLE_OBJC_ARC = YES;
				CLANG_WARN_CONSTANT_CONVERSION = YES;
				CLANG_WARN_EMPTY_BODY = YES;
				CLANG_WARN_ENUM_CONVERSION = YES;
				CLANG_WARN_INT_CONVERSION = YES;
				CLANG_WARN__DUPLICATE_METHOD_MATCH = YES;
				"CODE_SIGN_IDENTITY[sdk=iphoneos*]" = "iPhone Developer";
				COPY_PHASE_STRIP = YES;
				GCC_C_LANGUAGE_STANDARD = gnu99;
				GCC_WARN_ABOUT_RETURN_TYPE = YES;
				GCC_WARN_UNINITIALIZED_AUTOS = YES;
				GCC_WARN_UNUSED_VARIABLE = YES;
				IPHONEOS_DEPLOYMENT_TARGET = 6.1;
				OTHER_CFLAGS = "-DNS_BLOCK_ASSERTIONS=1";
				SDKROOT = iphoneos;
				VALIDATE_PRODUCT = YES;
			};
			name = Release;
		};
		55C3E236181E51E4002FD7DD /* Debug */ = {
			isa = XCBuildConfiguration;
			buildSettings = {
				GCC_PRECOMPILE_PREFIX_HEADER = YES;
				GCC_PREFIX_HEADER = "textFieldDelegateDemo/textFieldDelegateDemo-Prefix.pch";
				INFOPLIST_FILE = "textFieldDelegateDemo/textFieldDelegateDemo-Info.plist";
				PRODUCT_NAME = "$(TARGET_NAME)";
				WRAPPER_EXTENSION = app;
			};
			name = Debug;
		};
		55C3E237181E51E4002FD7DD /* Release */ = {
			isa = XCBuildConfiguration;
			buildSettings = {
				GCC_PRECOMPILE_PREFIX_HEADER = YES;
				GCC_PREFIX_HEADER = "textFieldDelegateDemo/textFieldDelegateDemo-Prefix.pch";
				INFOPLIST_FILE = "textFieldDelegateDemo/textFieldDelegateDemo-Info.plist";
				PRODUCT_NAME = "$(TARGET_NAME)";
				WRAPPER_EXTENSION = app;
			};
			name = Release;
		};
/* End XCBuildConfiguration section */

/* Begin XCConfigurationList section */
		55C3E213181E51E4002FD7DD /* Build configuration list for PBXProject "textFieldDelegateDemo" */ = {
			isa = XCConfigurationList;
			buildConfigurations = (
				55C3E233181E51E4002FD7DD /* Debug */,
				55C3E234181E51E4002FD7DD /* Release */,
			);
			defaultConfigurationIsVisible = 0;
			defaultConfigurationName = Release;
		};
		55C3E235181E51E4002FD7DD /* Build configuration list for PBXNativeTarget "textFieldDelegateDemo" */ = {
			isa = XCConfigurationList;
			buildConfigurations = (
				55C3E236181E51E4002FD7DD /* Debug */,
				55C3E237181E51E4002FD7DD /* Release */,
			);
			defaultConfigurationIsVisible = 0;
		};
/* End XCConfigurationList section */
	};
	rootObject = 55C3E210181E51E4002FD7DD /* Project object */;
}
