// !$*UTF8*$!
{
	archiveVersion = 1;
	classes = {
	};
	objectVersion = 46;
	objects = {

/* Begin PBXBuildFile section */
		5A88ADCA17E041170059433B /* main.c in Sources */ = {isa = PBXBuildFile; fileRef = 5A88ADC917E041170059433B /* main.c */; };
		5A88ADCC17E041170059433B /* cCodeDay28.1 in CopyFiles */ = {isa = PBXBuildFile; fileRef = 5A88ADCB17E041170059433B /* cCodeDay28.1 */; };
/* End PBXBuildFile section */

/* Begin PBXCopyFilesBuildPhase section */
		5A88ADC417E041170059433B /* CopyFiles */ = {
			isa = PBXCopyFilesBuildPhase;
			buildActionMask = 2147483647;
			dstPath = /usr/share/man/man1/;
			dstSubfolderSpec = 0;
			files = (
				5A88ADCC17E041170059433B /* cCodeDay28.1 in CopyFiles */,
			);
			runOnlyForDeploymentPostprocessing = 1;
		};
/* End PBXCopyFilesBuildPhase section */

/* Begin PBXFileReference section */
		5A88ADC617E041170059433B /* cCodeDay28 */ = {isa = PBXFileReference; explicitFileType = "compiled.mach-o.executable"; includeInIndex = 0; path = cCodeDay28; sourceTree = BUILT_PRODUCTS_DIR; };
		5A88ADC917E041170059433B /* main.c */ = {isa = PBXFileReference; lastKnownFileType = sourcecode.c.c; path = main.c; sourceTree = "<group>"; };
		5A88ADCB17E041170059433B /* cCodeDay28.1 */ = {isa = PBXFileReference; lastKnownFileType = text.man; path = cCodeDay28.1; sourceTree = "<group>"; };
/* End PBXFileReference section */

/* Begin PBXFrameworksBuildPhase section */
		5A88ADC317E041170059433B /* Frameworks */ = {
			isa = PBXFrameworksBuildPhase;
			buildActionMask = 2147483647;
			files = (
			);
			runOnlyForDeploymentPostprocessing = 0;
		};
/* End PBXFrameworksBuildPhase section */

/* Begin PBXGroup section */
		5A88ADBD17E041170059433B = {
			isa = PBXGroup;
			children = (
				5A88ADC817E041170059433B /* cCodeDay28 */,
				5A88ADC717E041170059433B /* Products */,
			);
			sourceTree = "<group>";
		};
		5A88ADC717E041170059433B /* Products */ = {
			isa = PBXGroup;
			children = (
				5A88ADC617E041170059433B /* cCodeDay28 */,
			);
			name = Products;
			sourceTree = "<group>";
		};
		5A88ADC817E041170059433B /* cCodeDay28 */ = {
			isa = PBXGroup;
			children = (
				5A88ADC917E041170059433B /* main.c */,
				5A88ADCB17E041170059433B /* cCodeDay28.1 */,
			);
			path = cCodeDay28;
			sourceTree = "<group>";
		};
/* End PBXGroup section */

/* Begin PBXNativeTarget section */
		5A88ADC517E041170059433B /* cCodeDay28 */ = {
			isa = PBXNativeTarget;
			buildConfigurationList = 5A88ADCF17E041170059433B /* Build configuration list for PBXNativeTarget "cCodeDay28" */;
			buildPhases = (
				5A88ADC217E041170059433B /* Sources */,
				5A88ADC317E041170059433B /* Frameworks */,
				5A88ADC417E041170059433B /* CopyFiles */,
			);
			buildRules = (
			);
			dependencies = (
			);
			name = cCodeDay28;
			productName = cCodeDay28;
			productReference = 5A88ADC617E041170059433B /* cCodeDay28 */;
			productType = "com.apple.product-type.tool";
		};
/* End PBXNativeTarget section */

/* Begin PBXProject section */
		5A88ADBE17E041170059433B /* Project object */ = {
			isa = PBXProject;
			attributes = {
				LastUpgradeCheck = 0460;
				ORGANIZATIONNAME = liu;
			};
			buildConfigurationList = 5A88ADC117E041170059433B /* Build configuration list for PBXProject "cCodeDay28" */;
			compatibilityVersion = "Xcode 3.2";
			developmentRegion = English;
			hasScannedForEncodings = 0;
			knownRegions = (
				en,
			);
			mainGroup = 5A88ADBD17E041170059433B;
			productRefGroup = 5A88ADC717E041170059433B /* Products */;
			projectDirPath = "";
			projectRoot = "";
			targets = (
				5A88ADC517E041170059433B /* cCodeDay28 */,
			);
		};
/* End PBXProject section */

/* Begin PBXSourcesBuildPhase section */
		5A88ADC217E041170059433B /* Sources */ = {
			isa = PBXSourcesBuildPhase;
			buildActionMask = 2147483647;
			files = (
				5A88ADCA17E041170059433B /* main.c in Sources */,
			);
			runOnlyForDeploymentPostprocessing = 0;
		};
/* End PBXSourcesBuildPhase section */

/* Begin XCBuildConfiguration section */
		5A88ADCD17E041170059433B /* Debug */ = {
			isa = XCBuildConfiguration;
			buildSettings = {
				ALWAYS_SEARCH_USER_PATHS = NO;
				ARCHS = "$(ARCHS_STANDARD_64_BIT)";
				CLANG_CXX_LANGUAGE_STANDARD = "gnu++0x";
				CLANG_CXX_LIBRARY = "libc++";
				CLANG_WARN_CONSTANT_CONVERSION = YES;
				CLANG_WARN_EMPTY_BODY = YES;
				CLANG_WARN_ENUM_CONVERSION = YES;
				CLANG_WARN_INT_CONVERSION = YES;
				CLANG_WARN__DUPLICATE_METHOD_MATCH = YES;
				COPY_PHASE_STRIP = NO;
				GCC_C_LANGUAGE_STANDARD = gnu99;
				GCC_DYNAMIC_NO_PIC = NO;
				GCC_ENABLE_OBJC_EXCEPTIONS = YES;
				GCC_OPTIMIZATION_LEVEL = 0;
				GCC_PREPROCESSOR_DEFINITIONS = (
					"DEBUG=1",
					"$(inherited)",
				);
				GCC_SYMBOLS_PRIVATE_EXTERN = NO;
				GCC_WARN_64_TO_32_BIT_CONVERSION = YES;
				GCC_WARN_ABOUT_RETURN_TYPE = YES;
				GCC_WARN_UNINITIALIZED_AUTOS = YES;
				GCC_WARN_UNUSED_VARIABLE = YES;
				MACOSX_DEPLOYMENT_TARGET = 10.8;
				ONLY_ACTIVE_ARCH = YES;
				SDKROOT = macosx;
			};
			name = Debug;
		};
		5A88ADCE17E041170059433B /* Release */ = {
			isa = XCBuildConfiguration;
			buildSettings = {
				ALWAYS_SEARCH_USER_PATHS = NO;
				ARCHS = "$(ARCHS_STANDARD_64_BIT)";
				CLANG_CXX_LANGUAGE_STANDARD = "gnu++0x";
				CLANG_CXX_LIBRARY = "libc++";
				CLANG_WARN_CONSTANT_CONVERSION = YES;
				CLANG_WARN_EMPTY_BODY = YES;
				CLANG_WARN_ENUM_CONVERSION = YES;
				CLANG_WARN_INT_CONVERSION = YES;
				CLANG_WARN__DUPLICATE_METHOD_MATCH = YES;
				COPY_PHASE_STRIP = YES;
				DEBUG_INFORMATION_FORMAT = "dwarf-with-dsym";
				GCC_C_LANGUAGE_STANDARD = gnu99;
				GCC_ENABLE_OBJC_EXCEPTIONS = YES;
				GCC_WARN_64_TO_32_BIT_CONVERSION = YES;
				GCC_WARN_ABOUT_RETURN_TYPE = YES;
				GCC_WARN_UNINITIALIZED_AUTOS = YES;
				GCC_WARN_UNUSED_VARIABLE = YES;
				MACOSX_DEPLOYMENT_TARGET = 10.8;
				SDKROOT = macosx;
			};
			name = Release;
		};
		5A88ADD017E041170059433B /* Debug */ = {
			isa = XCBuildConfiguration;
			buildSettings = {
				PRODUCT_NAME = "$(TARGET_NAME)";
			};
			name = Debug;
		};
		5A88ADD117E041170059433B /* Release */ = {
			isa = XCBuildConfiguration;
			buildSettings = {
				PRODUCT_NAME = "$(TARGET_NAME)";
			};
			name = Release;
		};
/* End XCBuildConfiguration section */

/* Begin XCConfigurationList section */
		5A88ADC117E041170059433B /* Build configuration list for PBXProject "cCodeDay28" */ = {
			isa = XCConfigurationList;
			buildConfigurations = (
				5A88ADCD17E041170059433B /* Debug */,
				5A88ADCE17E041170059433B /* Release */,
			);
			defaultConfigurationIsVisible = 0;
			defaultConfigurationName = Release;
		};
		5A88ADCF17E041170059433B /* Build configuration list for PBXNativeTarget "cCodeDay28" */ = {
			isa = XCConfigurationList;
			buildConfigurations = (
				5A88ADD017E041170059433B /* Debug */,
				5A88ADD117E041170059433B /* Release */,
			);
			defaultConfigurationIsVisible = 0;
		};
/* End XCConfigurationList section */
	};
	rootObject = 5A88ADBE17E041170059433B /* Project object */;
}
