// !$*UTF8*$!
{
	archiveVersion = 1;
	classes = {
	};
	objectVersion = 46;
	objects = {

/* Begin PBXBuildFile section */
		5A88ADDF17E0428D0059433B /* UIKit.framework in Frameworks */ = {isa = PBXBuildFile; fileRef = 5A88ADDE17E0428D0059433B /* UIKit.framework */; };
		5A88ADE117E0428D0059433B /* Foundation.framework in Frameworks */ = {isa = PBXBuildFile; fileRef = 5A88ADE017E0428D0059433B /* Foundation.framework */; };
		5A88ADE317E0428D0059433B /* CoreGraphics.framework in Frameworks */ = {isa = PBXBuildFile; fileRef = 5A88ADE217E0428D0059433B /* CoreGraphics.framework */; };
		5A88ADE917E0428D0059433B /* InfoPlist.strings in Resources */ = {isa = PBXBuildFile; fileRef = 5A88ADE717E0428D0059433B /* InfoPlist.strings */; };
		5A88ADEB17E0428D0059433B /* main.m in Sources */ = {isa = PBXBuildFile; fileRef = 5A88ADEA17E0428D0059433B /* main.m */; };
		5A88ADEF17E0428D0059433B /* LLLAppDelegate.m in Sources */ = {isa = PBXBuildFile; fileRef = 5A88ADEE17E0428D0059433B /* LLLAppDelegate.m */; };
		5A88ADF117E0428D0059433B /* Default.png in Resources */ = {isa = PBXBuildFile; fileRef = 5A88ADF017E0428D0059433B /* Default.png */; };
		5A88ADF317E0428D0059433B /* Default@2x.png in Resources */ = {isa = PBXBuildFile; fileRef = 5A88ADF217E0428D0059433B /* Default@2x.png */; };
		5A88ADF517E0428D0059433B /* Default-568h@2x.png in Resources */ = {isa = PBXBuildFile; fileRef = 5A88ADF417E0428D0059433B /* Default-568h@2x.png */; };
		5A88ADF817E0428E0059433B /* LLLViewController.m in Sources */ = {isa = PBXBuildFile; fileRef = 5A88ADF717E0428E0059433B /* LLLViewController.m */; };
		5A88ADFB17E0428E0059433B /* LLLViewController.xib in Resources */ = {isa = PBXBuildFile; fileRef = 5A88ADF917E0428E0059433B /* LLLViewController.xib */; };
/* End PBXBuildFile section */

/* Begin PBXFileReference section */
		5A88ADDB17E0428D0059433B /* enumDemo.app */ = {isa = PBXFileReference; explicitFileType = wrapper.application; includeInIndex = 0; path = enumDemo.app; sourceTree = BUILT_PRODUCTS_DIR; };
		5A88ADDE17E0428D0059433B /* UIKit.framework */ = {isa = PBXFileReference; lastKnownFileType = wrapper.framework; name = UIKit.framework; path = System/Library/Frameworks/UIKit.framework; sourceTree = SDKROOT; };
		5A88ADE017E0428D0059433B /* Foundation.framework */ = {isa = PBXFileReference; lastKnownFileType = wrapper.framework; name = Foundation.framework; path = System/Library/Frameworks/Foundation.framework; sourceTree = SDKROOT; };
		5A88ADE217E0428D0059433B /* CoreGraphics.framework */ = {isa = PBXFileReference; lastKnownFileType = wrapper.framework; name = CoreGraphics.framework; path = System/Library/Frameworks/CoreGraphics.framework; sourceTree = SDKROOT; };
		5A88ADE617E0428D0059433B /* enumDemo-Info.plist */ = {isa = PBXFileReference; lastKnownFileType = text.plist.xml; path = "enumDemo-Info.plist"; sourceTree = "<group>"; };
		5A88ADE817E0428D0059433B /* en */ = {isa = PBXFileReference; lastKnownFileType = text.plist.strings; name = en; path = en.lproj/InfoPlist.strings; sourceTree = "<group>"; };
		5A88ADEA17E0428D0059433B /* main.m */ = {isa = PBXFileReference; lastKnownFileType = sourcecode.c.objc; path = main.m; sourceTree = "<group>"; };
		5A88ADEC17E0428D0059433B /* enumDemo-Prefix.pch */ = {isa = PBXFileReference; lastKnownFileType = sourcecode.c.h; path = "enumDemo-Prefix.pch"; sourceTree = "<group>"; };
		5A88ADED17E0428D0059433B /* LLLAppDelegate.h */ = {isa = PBXFileReference; lastKnownFileType = sourcecode.c.h; path = LLLAppDelegate.h; sourceTree = "<group>"; };
		5A88ADEE17E0428D0059433B /* LLLAppDelegate.m */ = {isa = PBXFileReference; lastKnownFileType = sourcecode.c.objc; path = LLLAppDelegate.m; sourceTree = "<group>"; };
		5A88ADF017E0428D0059433B /* Default.png */ = {isa = PBXFileReference; lastKnownFileType = image.png; path = Default.png; sourceTree = "<group>"; };
		5A88ADF217E0428D0059433B /* Default@2x.png */ = {isa = PBXFileReference; lastKnownFileType = image.png; path = "Default@2x.png"; sourceTree = "<group>"; };
		5A88ADF417E0428D0059433B /* Default-568h@2x.png */ = {isa = PBXFileReference; lastKnownFileType = image.png; path = "Default-568h@2x.png"; sourceTree = "<group>"; };
		5A88ADF617E0428E0059433B /* LLLViewController.h */ = {isa = PBXFileReference; lastKnownFileType = sourcecode.c.h; path = LLLViewController.h; sourceTree = "<group>"; };
		5A88ADF717E0428E0059433B /* LLLViewController.m */ = {isa = PBXFileReference; lastKnownFileType = sourcecode.c.objc; path = LLLViewController.m; sourceTree = "<group>"; };
		5A88ADFA17E0428E0059433B /* en */ = {isa = PBXFileReference; lastKnownFileType = file.xib; name = en; path = en.lproj/LLLViewController.xib; sourceTree = "<group>"; };
/* End PBXFileReference section */

/* Begin PBXFrameworksBuildPhase section */
		5A88ADD817E0428D0059433B /* Frameworks */ = {
			isa = PBXFrameworksBuildPhase;
			buildActionMask = 2147483647;
			files = (
				5A88ADDF17E0428D0059433B /* UIKit.framework in Frameworks */,
				5A88ADE117E0428D0059433B /* Foundation.framework in Frameworks */,
				5A88ADE317E0428D0059433B /* CoreGraphics.framework in Frameworks */,
			);
			runOnlyForDeploymentPostprocessing = 0;
		};
/* End PBXFrameworksBuildPhase section */

/* Begin PBXGroup section */
		5A88ADD217E0428D0059433B = {
			isa = PBXGroup;
			children = (
				5A88ADE417E0428D0059433B /* enumDemo */,
				5A88ADDD17E0428D0059433B /* Frameworks */,
				5A88ADDC17E0428D0059433B /* Products */,
			);
			sourceTree = "<group>";
		};
		5A88ADDC17E0428D0059433B /* Products */ = {
			isa = PBXGroup;
			children = (
				5A88ADDB17E0428D0059433B /* enumDemo.app */,
			);
			name = Products;
			sourceTree = "<group>";
		};
		5A88ADDD17E0428D0059433B /* Frameworks */ = {
			isa = PBXGroup;
			children = (
				5A88ADDE17E0428D0059433B /* UIKit.framework */,
				5A88ADE017E0428D0059433B /* Foundation.framework */,
				5A88ADE217E0428D0059433B /* CoreGraphics.framework */,
			);
			name = Frameworks;
			sourceTree = "<group>";
		};
		5A88ADE417E0428D0059433B /* enumDemo */ = {
			isa = PBXGroup;
			children = (
				5A88ADED17E0428D0059433B /* LLLAppDelegate.h */,
				5A88ADEE17E0428D0059433B /* LLLAppDelegate.m */,
				5A88ADF617E0428E0059433B /* LLLViewController.h */,
				5A88ADF717E0428E0059433B /* LLLViewController.m */,
				5A88ADF917E0428E0059433B /* LLLViewController.xib */,
				5A88ADE517E0428D0059433B /* Supporting Files */,
			);
			path = enumDemo;
			sourceTree = "<group>";
		};
		5A88ADE517E0428D0059433B /* Supporting Files */ = {
			isa = PBXGroup;
			children = (
				5A88ADE617E0428D0059433B /* enumDemo-Info.plist */,
				5A88ADE717E0428D0059433B /* InfoPlist.strings */,
				5A88ADEA17E0428D0059433B /* main.m */,
				5A88ADEC17E0428D0059433B /* enumDemo-Prefix.pch */,
				5A88ADF017E0428D0059433B /* Default.png */,
				5A88ADF217E0428D0059433B /* Default@2x.png */,
				5A88ADF417E0428D0059433B /* Default-568h@2x.png */,
			);
			name = "Supporting Files";
			sourceTree = "<group>";
		};
/* End PBXGroup section */

/* Begin PBXNativeTarget section */
		5A88ADDA17E0428D0059433B /* enumDemo */ = {
			isa = PBXNativeTarget;
			buildConfigurationList = 5A88ADFE17E0428E0059433B /* Build configuration list for PBXNativeTarget "enumDemo" */;
			buildPhases = (
				5A88ADD717E0428D0059433B /* Sources */,
				5A88ADD817E0428D0059433B /* Frameworks */,
				5A88ADD917E0428D0059433B /* Resources */,
			);
			buildRules = (
			);
			dependencies = (
			);
			name = enumDemo;
			productName = enumDemo;
			productReference = 5A88ADDB17E0428D0059433B /* enumDemo.app */;
			productType = "com.apple.product-type.application";
		};
/* End PBXNativeTarget section */

/* Begin PBXProject section */
		5A88ADD317E0428D0059433B /* Project object */ = {
			isa = PBXProject;
			attributes = {
				CLASSPREFIX = LLL;
				LastUpgradeCheck = 0460;
				ORGANIZATIONNAME = liu;
			};
			buildConfigurationList = 5A88ADD617E0428D0059433B /* Build configuration list for PBXProject "enumDemo" */;
			compatibilityVersion = "Xcode 3.2";
			developmentRegion = English;
			hasScannedForEncodings = 0;
			knownRegions = (
				en,
			);
			mainGroup = 5A88ADD217E0428D0059433B;
			productRefGroup = 5A88ADDC17E0428D0059433B /* Products */;
			projectDirPath = "";
			projectRoot = "";
			targets = (
				5A88ADDA17E0428D0059433B /* enumDemo */,
			);
		};
/* End PBXProject section */

/* Begin PBXResourcesBuildPhase section */
		5A88ADD917E0428D0059433B /* Resources */ = {
			isa = PBXResourcesBuildPhase;
			buildActionMask = 2147483647;
			files = (
				5A88ADE917E0428D0059433B /* InfoPlist.strings in Resources */,
				5A88ADF117E0428D0059433B /* Default.png in Resources */,
				5A88ADF317E0428D0059433B /* Default@2x.png in Resources */,
				5A88ADF517E0428D0059433B /* Default-568h@2x.png in Resources */,
				5A88ADFB17E0428E0059433B /* LLLViewController.xib in Resources */,
			);
			runOnlyForDeploymentPostprocessing = 0;
		};
/* End PBXResourcesBuildPhase section */

/* Begin PBXSourcesBuildPhase section */
		5A88ADD717E0428D0059433B /* Sources */ = {
			isa = PBXSourcesBuildPhase;
			buildActionMask = 2147483647;
			files = (
				5A88ADEB17E0428D0059433B /* main.m in Sources */,
				5A88ADEF17E0428D0059433B /* LLLAppDelegate.m in Sources */,
				5A88ADF817E0428E0059433B /* LLLViewController.m in Sources */,
			);
			runOnlyForDeploymentPostprocessing = 0;
		};
/* End PBXSourcesBuildPhase section */

/* Begin PBXVariantGroup section */
		5A88ADE717E0428D0059433B /* InfoPlist.strings */ = {
			isa = PBXVariantGroup;
			children = (
				5A88ADE817E0428D0059433B /* en */,
			);
			name = InfoPlist.strings;
			sourceTree = "<group>";
		};
		5A88ADF917E0428E0059433B /* LLLViewController.xib */ = {
			isa = PBXVariantGroup;
			children = (
				5A88ADFA17E0428E0059433B /* en */,
			);
			name = LLLViewController.xib;
			sourceTree = "<group>";
		};
/* End PBXVariantGroup section */

/* Begin XCBuildConfiguration section */
		5A88ADFC17E0428E0059433B /* Debug */ = {
			isa = XCBuildConfiguration;
			buildSettings = {
				ALWAYS_SEARCH_USER_PATHS = NO;
				CLANG_CXX_LANGUAGE_STANDARD = "gnu++0x";
				CLANG_CXX_LIBRARY = "libc++";
				CLANG_ENABLE_OBJC_ARC = YES;
				CLANG_WARN_CONSTANT_CONVERSION = YES;
				CLANG_WARN_EMPTY_BODY = YES;
				CLANG_WARN_ENUM_CONVERSION = YES;
				CLANG_WARN_INT_CONVERSION = YES;
				CLANG_WARN__DUPLICATE_METHOD_MATCH = YES;
				"CODE_SIGN_IDENTITY[sdk=iphoneos*]" = "iPhone Developer";
				COPY_PHASE_STRIP = NO;
				GCC_C_LANGUAGE_STANDARD = gnu99;
				GCC_DYNAMIC_NO_PIC = NO;
				GCC_OPTIMIZATION_LEVEL = 0;
				GCC_PREPROCESSOR_DEFINITIONS = (
					"DEBUG=1",
					"$(inherited)",
				);
				GCC_SYMBOLS_PRIVATE_EXTERN = NO;
				GCC_WARN_ABOUT_RETURN_TYPE = YES;
				GCC_WARN_UNINITIALIZED_AUTOS = YES;
				GCC_WARN_UNUSED_VARIABLE = YES;
				IPHONEOS_DEPLOYMENT_TARGET = 6.1;
				ONLY_ACTIVE_ARCH = YES;
				SDKROOT = iphoneos;
			};
			name = Debug;
		};
		5A88ADFD17E0428E0059433B /* Release */ = {
			isa = XCBuildConfiguration;
			buildSettings = {
				ALWAYS_SEARCH_USER_PATHS = NO;
				CLANG_CXX_LANGUAGE_STANDARD = "gnu++0x";
				CLANG_CXX_LIBRARY = "libc++";
				CLANG_ENABLE_OBJC_ARC = YES;
				CLANG_WARN_CONSTANT_CONVERSION = YES;
				CLANG_WARN_EMPTY_BODY = YES;
				CLANG_WARN_ENUM_CONVERSION = YES;
				CLANG_WARN_INT_CONVERSION = YES;
				CLANG_WARN__DUPLICATE_METHOD_MATCH = YES;
				"CODE_SIGN_IDENTITY[sdk=iphoneos*]" = "iPhone Developer";
				COPY_PHASE_STRIP = YES;
				GCC_C_LANGUAGE_STANDARD = gnu99;
				GCC_WARN_ABOUT_RETURN_TYPE = YES;
				GCC_WARN_UNINITIALIZED_AUTOS = YES;
				GCC_WARN_UNUSED_VARIABLE = YES;
				IPHONEOS_DEPLOYMENT_TARGET = 6.1;
				OTHER_CFLAGS = "-DNS_BLOCK_ASSERTIONS=1";
				SDKROOT = iphoneos;
				VALIDATE_PRODUCT = YES;
			};
			name = Release;
		};
		5A88ADFF17E0428E0059433B /* Debug */ = {
			isa = XCBuildConfiguration;
			buildSettings = {
				GCC_PRECOMPILE_PREFIX_HEADER = YES;
				GCC_PREFIX_HEADER = "enumDemo/enumDemo-Prefix.pch";
				INFOPLIST_FILE = "enumDemo/enumDemo-Info.plist";
				PRODUCT_NAME = "$(TARGET_NAME)";
				WRAPPER_EXTENSION = app;
			};
			name = Debug;
		};
		5A88AE0017E0428E0059433B /* Release */ = {
			isa = XCBuildConfiguration;
			buildSettings = {
				GCC_PRECOMPILE_PREFIX_HEADER = YES;
				GCC_PREFIX_HEADER = "enumDemo/enumDemo-Prefix.pch";
				INFOPLIST_FILE = "enumDemo/enumDemo-Info.plist";
				PRODUCT_NAME = "$(TARGET_NAME)";
				WRAPPER_EXTENSION = app;
			};
			name = Release;
		};
/* End XCBuildConfiguration section */

/* Begin XCConfigurationList section */
		5A88ADD617E0428D0059433B /* Build configuration list for PBXProject "enumDemo" */ = {
			isa = XCConfigurationList;
			buildConfigurations = (
				5A88ADFC17E0428E0059433B /* Debug */,
				5A88ADFD17E0428E0059433B /* Release */,
			);
			defaultConfigurationIsVisible = 0;
			defaultConfigurationName = Release;
		};
		5A88ADFE17E0428E0059433B /* Build configuration list for PBXNativeTarget "enumDemo" */ = {
			isa = XCConfigurationList;
			buildConfigurations = (
				5A88ADFF17E0428E0059433B /* Debug */,
				5A88AE0017E0428E0059433B /* Release */,
			);
			defaultConfigurationIsVisible = 0;
		};
/* End XCConfigurationList section */
	};
	rootObject = 5A88ADD317E0428D0059433B /* Project object */;
}
