// !$*UTF8*$!
{
	archiveVersion = 1;
	classes = {
	};
	objectVersion = 46;
	objects = {

/* Begin PBXBuildFile section */
		5A38F77A1755AC6E000852A4 /* city.json in Resources */ = {isa = PBXBuildFile; fileRef = 5A38F7791755AC6E000852A4 /* city.json */; };
		67E2B38015C185BF0021D7EF /* UIKit.framework in Frameworks */ = {isa = PBXBuildFile; fileRef = 67E2B37F15C185BF0021D7EF /* UIKit.framework */; };
		67E2B38215C185BF0021D7EF /* Foundation.framework in Frameworks */ = {isa = PBXBuildFile; fileRef = 67E2B38115C185BF0021D7EF /* Foundation.framework */; };
		67E2B38415C185BF0021D7EF /* CoreGraphics.framework in Frameworks */ = {isa = PBXBuildFile; fileRef = 67E2B38315C185BF0021D7EF /* CoreGraphics.framework */; };
		67E2B38A15C185BF0021D7EF /* InfoPlist.strings in Resources */ = {isa = PBXBuildFile; fileRef = 67E2B38815C185BF0021D7EF /* InfoPlist.strings */; };
		67E2B38C15C185BF0021D7EF /* main.m in Sources */ = {isa = PBXBuildFile; fileRef = 67E2B38B15C185BF0021D7EF /* main.m */; };
		67E2B39015C185BF0021D7EF /* AppDelegate.m in Sources */ = {isa = PBXBuildFile; fileRef = 67E2B38F15C185BF0021D7EF /* AppDelegate.m */; };
		67E2B39315C185BF0021D7EF /* ViewController.m in Sources */ = {isa = PBXBuildFile; fileRef = 67E2B39215C185BF0021D7EF /* ViewController.m */; };
		67E2B39615C185BF0021D7EF /* ViewController.xib in Resources */ = {isa = PBXBuildFile; fileRef = 67E2B39415C185BF0021D7EF /* ViewController.xib */; };
		67E2B39E15C185E10021D7EF /* JSONKit.m in Sources */ = {isa = PBXBuildFile; fileRef = 67E2B39D15C185E10021D7EF /* JSONKit.m */; };
/* End PBXBuildFile section */

/* Begin PBXFileReference section */
		5A38F7791755AC6E000852A4 /* city.json */ = {isa = PBXFileReference; fileEncoding = 4; lastKnownFileType = text.json; path = city.json; sourceTree = "<group>"; };
		67E2B37B15C185BF0021D7EF /* TestJSon.app */ = {isa = PBXFileReference; explicitFileType = wrapper.application; includeInIndex = 0; path = TestJSon.app; sourceTree = BUILT_PRODUCTS_DIR; };
		67E2B37F15C185BF0021D7EF /* UIKit.framework */ = {isa = PBXFileReference; lastKnownFileType = wrapper.framework; name = UIKit.framework; path = System/Library/Frameworks/UIKit.framework; sourceTree = SDKROOT; };
		67E2B38115C185BF0021D7EF /* Foundation.framework */ = {isa = PBXFileReference; lastKnownFileType = wrapper.framework; name = Foundation.framework; path = System/Library/Frameworks/Foundation.framework; sourceTree = SDKROOT; };
		67E2B38315C185BF0021D7EF /* CoreGraphics.framework */ = {isa = PBXFileReference; lastKnownFileType = wrapper.framework; name = CoreGraphics.framework; path = System/Library/Frameworks/CoreGraphics.framework; sourceTree = SDKROOT; };
		67E2B38715C185BF0021D7EF /* TestJSon-Info.plist */ = {isa = PBXFileReference; lastKnownFileType = text.plist.xml; path = "TestJSon-Info.plist"; sourceTree = "<group>"; };
		67E2B38915C185BF0021D7EF /* en */ = {isa = PBXFileReference; lastKnownFileType = text.plist.strings; name = en; path = en.lproj/InfoPlist.strings; sourceTree = "<group>"; };
		67E2B38B15C185BF0021D7EF /* main.m */ = {isa = PBXFileReference; lastKnownFileType = sourcecode.c.objc; path = main.m; sourceTree = "<group>"; };
		67E2B38D15C185BF0021D7EF /* TestJSon-Prefix.pch */ = {isa = PBXFileReference; lastKnownFileType = sourcecode.c.h; path = "TestJSon-Prefix.pch"; sourceTree = "<group>"; };
		67E2B38E15C185BF0021D7EF /* AppDelegate.h */ = {isa = PBXFileReference; lastKnownFileType = sourcecode.c.h; path = AppDelegate.h; sourceTree = "<group>"; };
		67E2B38F15C185BF0021D7EF /* AppDelegate.m */ = {isa = PBXFileReference; lastKnownFileType = sourcecode.c.objc; path = AppDelegate.m; sourceTree = "<group>"; };
		67E2B39115C185BF0021D7EF /* ViewController.h */ = {isa = PBXFileReference; lastKnownFileType = sourcecode.c.h; path = ViewController.h; sourceTree = "<group>"; };
		67E2B39215C185BF0021D7EF /* ViewController.m */ = {isa = PBXFileReference; lastKnownFileType = sourcecode.c.objc; path = ViewController.m; sourceTree = "<group>"; };
		67E2B39515C185BF0021D7EF /* en */ = {isa = PBXFileReference; lastKnownFileType = file.xib; name = en; path = en.lproj/ViewController.xib; sourceTree = "<group>"; };
		67E2B39C15C185E10021D7EF /* JSONKit.h */ = {isa = PBXFileReference; fileEncoding = 4; lastKnownFileType = sourcecode.c.h; path = JSONKit.h; sourceTree = "<group>"; };
		67E2B39D15C185E10021D7EF /* JSONKit.m */ = {isa = PBXFileReference; fileEncoding = 4; lastKnownFileType = sourcecode.c.objc; path = JSONKit.m; sourceTree = "<group>"; };
/* End PBXFileReference section */

/* Begin PBXFrameworksBuildPhase section */
		67E2B37815C185BF0021D7EF /* Frameworks */ = {
			isa = PBXFrameworksBuildPhase;
			buildActionMask = 2147483647;
			files = (
				67E2B38015C185BF0021D7EF /* UIKit.framework in Frameworks */,
				67E2B38215C185BF0021D7EF /* Foundation.framework in Frameworks */,
				67E2B38415C185BF0021D7EF /* CoreGraphics.framework in Frameworks */,
			);
			runOnlyForDeploymentPostprocessing = 0;
		};
/* End PBXFrameworksBuildPhase section */

/* Begin PBXGroup section */
		67E2B37015C185BE0021D7EF = {
			isa = PBXGroup;
			children = (
				67E2B38515C185BF0021D7EF /* TestJSon */,
				67E2B37E15C185BF0021D7EF /* Frameworks */,
				67E2B37C15C185BF0021D7EF /* Products */,
			);
			sourceTree = "<group>";
		};
		67E2B37C15C185BF0021D7EF /* Products */ = {
			isa = PBXGroup;
			children = (
				67E2B37B15C185BF0021D7EF /* TestJSon.app */,
			);
			name = Products;
			sourceTree = "<group>";
		};
		67E2B37E15C185BF0021D7EF /* Frameworks */ = {
			isa = PBXGroup;
			children = (
				67E2B37F15C185BF0021D7EF /* UIKit.framework */,
				67E2B38115C185BF0021D7EF /* Foundation.framework */,
				67E2B38315C185BF0021D7EF /* CoreGraphics.framework */,
			);
			name = Frameworks;
			sourceTree = "<group>";
		};
		67E2B38515C185BF0021D7EF /* TestJSon */ = {
			isa = PBXGroup;
			children = (
				5A38F7791755AC6E000852A4 /* city.json */,
				67E2B39C15C185E10021D7EF /* JSONKit.h */,
				67E2B39D15C185E10021D7EF /* JSONKit.m */,
				67E2B38E15C185BF0021D7EF /* AppDelegate.h */,
				67E2B38F15C185BF0021D7EF /* AppDelegate.m */,
				67E2B39115C185BF0021D7EF /* ViewController.h */,
				67E2B39215C185BF0021D7EF /* ViewController.m */,
				67E2B39415C185BF0021D7EF /* ViewController.xib */,
				67E2B38615C185BF0021D7EF /* Supporting Files */,
			);
			path = TestJSon;
			sourceTree = "<group>";
		};
		67E2B38615C185BF0021D7EF /* Supporting Files */ = {
			isa = PBXGroup;
			children = (
				67E2B38715C185BF0021D7EF /* TestJSon-Info.plist */,
				67E2B38815C185BF0021D7EF /* InfoPlist.strings */,
				67E2B38B15C185BF0021D7EF /* main.m */,
				67E2B38D15C185BF0021D7EF /* TestJSon-Prefix.pch */,
			);
			name = "Supporting Files";
			sourceTree = "<group>";
		};
/* End PBXGroup section */

/* Begin PBXNativeTarget section */
		67E2B37A15C185BF0021D7EF /* TestJSon */ = {
			isa = PBXNativeTarget;
			buildConfigurationList = 67E2B39915C185BF0021D7EF /* Build configuration list for PBXNativeTarget "TestJSon" */;
			buildPhases = (
				67E2B37715C185BF0021D7EF /* Sources */,
				67E2B37815C185BF0021D7EF /* Frameworks */,
				67E2B37915C185BF0021D7EF /* Resources */,
			);
			buildRules = (
			);
			dependencies = (
			);
			name = TestJSon;
			productName = TestJSon;
			productReference = 67E2B37B15C185BF0021D7EF /* TestJSon.app */;
			productType = "com.apple.product-type.application";
		};
/* End PBXNativeTarget section */

/* Begin PBXProject section */
		67E2B37215C185BF0021D7EF /* Project object */ = {
			isa = PBXProject;
			attributes = {
				LastUpgradeCheck = 0420;
			};
			buildConfigurationList = 67E2B37515C185BF0021D7EF /* Build configuration list for PBXProject "TestJSon" */;
			compatibilityVersion = "Xcode 3.2";
			developmentRegion = English;
			hasScannedForEncodings = 0;
			knownRegions = (
				en,
			);
			mainGroup = 67E2B37015C185BE0021D7EF;
			productRefGroup = 67E2B37C15C185BF0021D7EF /* Products */;
			projectDirPath = "";
			projectRoot = "";
			targets = (
				67E2B37A15C185BF0021D7EF /* TestJSon */,
			);
		};
/* End PBXProject section */

/* Begin PBXResourcesBuildPhase section */
		67E2B37915C185BF0021D7EF /* Resources */ = {
			isa = PBXResourcesBuildPhase;
			buildActionMask = 2147483647;
			files = (
				67E2B38A15C185BF0021D7EF /* InfoPlist.strings in Resources */,
				67E2B39615C185BF0021D7EF /* ViewController.xib in Resources */,
				5A38F77A1755AC6E000852A4 /* city.json in Resources */,
			);
			runOnlyForDeploymentPostprocessing = 0;
		};
/* End PBXResourcesBuildPhase section */

/* Begin PBXSourcesBuildPhase section */
		67E2B37715C185BF0021D7EF /* Sources */ = {
			isa = PBXSourcesBuildPhase;
			buildActionMask = 2147483647;
			files = (
				67E2B38C15C185BF0021D7EF /* main.m in Sources */,
				67E2B39015C185BF0021D7EF /* AppDelegate.m in Sources */,
				67E2B39315C185BF0021D7EF /* ViewController.m in Sources */,
				67E2B39E15C185E10021D7EF /* JSONKit.m in Sources */,
			);
			runOnlyForDeploymentPostprocessing = 0;
		};
/* End PBXSourcesBuildPhase section */

/* Begin PBXVariantGroup section */
		67E2B38815C185BF0021D7EF /* InfoPlist.strings */ = {
			isa = PBXVariantGroup;
			children = (
				67E2B38915C185BF0021D7EF /* en */,
			);
			name = InfoPlist.strings;
			sourceTree = "<group>";
		};
		67E2B39415C185BF0021D7EF /* ViewController.xib */ = {
			isa = PBXVariantGroup;
			children = (
				67E2B39515C185BF0021D7EF /* en */,
			);
			name = ViewController.xib;
			sourceTree = "<group>";
		};
/* End PBXVariantGroup section */

/* Begin XCBuildConfiguration section */
		67E2B39715C185BF0021D7EF /* Debug */ = {
			isa = XCBuildConfiguration;
			buildSettings = {
				ALWAYS_SEARCH_USER_PATHS = NO;
				ARCHS = "$(ARCHS_STANDARD_32_BIT)";
				"CODE_SIGN_IDENTITY[sdk=iphoneos*]" = "iPhone Developer";
				COPY_PHASE_STRIP = NO;
				GCC_C_LANGUAGE_STANDARD = gnu99;
				GCC_DYNAMIC_NO_PIC = NO;
				GCC_OPTIMIZATION_LEVEL = 0;
				GCC_PREPROCESSOR_DEFINITIONS = (
					"DEBUG=1",
					"$(inherited)",
				);
				GCC_SYMBOLS_PRIVATE_EXTERN = NO;
				GCC_VERSION = com.apple.compilers.llvm.clang.1_0;
				GCC_WARN_ABOUT_MISSING_PROTOTYPES = YES;
				GCC_WARN_ABOUT_RETURN_TYPE = YES;
				GCC_WARN_UNUSED_VARIABLE = YES;
				IPHONEOS_DEPLOYMENT_TARGET = 5.0;
				SDKROOT = iphoneos;
			};
			name = Debug;
		};
		67E2B39815C185BF0021D7EF /* Release */ = {
			isa = XCBuildConfiguration;
			buildSettings = {
				ALWAYS_SEARCH_USER_PATHS = NO;
				ARCHS = "$(ARCHS_STANDARD_32_BIT)";
				"CODE_SIGN_IDENTITY[sdk=iphoneos*]" = "iPhone Developer";
				COPY_PHASE_STRIP = YES;
				GCC_C_LANGUAGE_STANDARD = gnu99;
				GCC_VERSION = com.apple.compilers.llvm.clang.1_0;
				GCC_WARN_ABOUT_MISSING_PROTOTYPES = YES;
				GCC_WARN_ABOUT_RETURN_TYPE = YES;
				GCC_WARN_UNUSED_VARIABLE = YES;
				IPHONEOS_DEPLOYMENT_TARGET = 5.0;
				OTHER_CFLAGS = "-DNS_BLOCK_ASSERTIONS=1";
				SDKROOT = iphoneos;
				VALIDATE_PRODUCT = YES;
			};
			name = Release;
		};
		67E2B39A15C185BF0021D7EF /* Debug */ = {
			isa = XCBuildConfiguration;
			buildSettings = {
				GCC_PRECOMPILE_PREFIX_HEADER = YES;
				GCC_PREFIX_HEADER = "TestJSon/TestJSon-Prefix.pch";
				INFOPLIST_FILE = "TestJSon/TestJSon-Info.plist";
				PRODUCT_NAME = "$(TARGET_NAME)";
				WRAPPER_EXTENSION = app;
			};
			name = Debug;
		};
		67E2B39B15C185BF0021D7EF /* Release */ = {
			isa = XCBuildConfiguration;
			buildSettings = {
				GCC_PRECOMPILE_PREFIX_HEADER = YES;
				GCC_PREFIX_HEADER = "TestJSon/TestJSon-Prefix.pch";
				INFOPLIST_FILE = "TestJSon/TestJSon-Info.plist";
				PRODUCT_NAME = "$(TARGET_NAME)";
				WRAPPER_EXTENSION = app;
			};
			name = Release;
		};
/* End XCBuildConfiguration section */

/* Begin XCConfigurationList section */
		67E2B37515C185BF0021D7EF /* Build configuration list for PBXProject "TestJSon" */ = {
			isa = XCConfigurationList;
			buildConfigurations = (
				67E2B39715C185BF0021D7EF /* Debug */,
				67E2B39815C185BF0021D7EF /* Release */,
			);
			defaultConfigurationIsVisible = 0;
			defaultConfigurationName = Release;
		};
		67E2B39915C185BF0021D7EF /* Build configuration list for PBXNativeTarget "TestJSon" */ = {
			isa = XCConfigurationList;
			buildConfigurations = (
				67E2B39A15C185BF0021D7EF /* Debug */,
				67E2B39B15C185BF0021D7EF /* Release */,
			);
			defaultConfigurationIsVisible = 0;
			defaultConfigurationName = Release;
		};
/* End XCConfigurationList section */
	};
	rootObject = 67E2B37215C185BF0021D7EF /* Project object */;
}
