// !$*UTF8*$!
{
	archiveVersion = 1;
	classes = {
	};
	objectVersion = 46;
	objects = {

/* Begin PBXBuildFile section */
		5A98BE5717D703B700B02C0B /* main.c in Sources */ = {isa = PBXBuildFile; fileRef = 5A98BE5617D703B700B02C0B /* main.c */; };
		5A98BE5917D703B700B02C0B /* cCodeDay23.1 in CopyFiles */ = {isa = PBXBuildFile; fileRef = 5A98BE5817D703B700B02C0B /* cCodeDay23.1 */; };
		5A98BE6217D7082E00B02C0B /* Demo.c in Sources */ = {isa = PBXBuildFile; fileRef = 5A98BE6117D7082E00B02C0B /* Demo.c */; };
/* End PBXBuildFile section */

/* Begin PBXCopyFilesBuildPhase section */
		5A98BE5117D703B700B02C0B /* CopyFiles */ = {
			isa = PBXCopyFilesBuildPhase;
			buildActionMask = 2147483647;
			dstPath = /usr/share/man/man1/;
			dstSubfolderSpec = 0;
			files = (
				5A98BE5917D703B700B02C0B /* cCodeDay23.1 in CopyFiles */,
			);
			runOnlyForDeploymentPostprocessing = 1;
		};
/* End PBXCopyFilesBuildPhase section */

/* Begin PBXFileReference section */
		5A98BE5317D703B700B02C0B /* cCodeDay23 */ = {isa = PBXFileReference; explicitFileType = "compiled.mach-o.executable"; includeInIndex = 0; path = cCodeDay23; sourceTree = BUILT_PRODUCTS_DIR; };
		5A98BE5617D703B700B02C0B /* main.c */ = {isa = PBXFileReference; lastKnownFileType = sourcecode.c.c; path = main.c; sourceTree = "<group>"; };
		5A98BE5817D703B700B02C0B /* cCodeDay23.1 */ = {isa = PBXFileReference; lastKnownFileType = text.man; path = cCodeDay23.1; sourceTree = "<group>"; };
		5A98BE6017D7080700B02C0B /* Demo.h */ = {isa = PBXFileReference; lastKnownFileType = sourcecode.c.h; path = Demo.h; sourceTree = "<group>"; };
		5A98BE6117D7082E00B02C0B /* Demo.c */ = {isa = PBXFileReference; fileEncoding = 4; lastKnownFileType = sourcecode.c.c; path = Demo.c; sourceTree = "<group>"; };
/* End PBXFileReference section */

/* Begin PBXFrameworksBuildPhase section */
		5A98BE5017D703B700B02C0B /* Frameworks */ = {
			isa = PBXFrameworksBuildPhase;
			buildActionMask = 2147483647;
			files = (
			);
			runOnlyForDeploymentPostprocessing = 0;
		};
/* End PBXFrameworksBuildPhase section */

/* Begin PBXGroup section */
		5A98BE4A17D703B700B02C0B = {
			isa = PBXGroup;
			children = (
				5A98BE5517D703B700B02C0B /* cCodeDay23 */,
				5A98BE5417D703B700B02C0B /* Products */,
			);
			sourceTree = "<group>";
		};
		5A98BE5417D703B700B02C0B /* Products */ = {
			isa = PBXGroup;
			children = (
				5A98BE5317D703B700B02C0B /* cCodeDay23 */,
			);
			name = Products;
			sourceTree = "<group>";
		};
		5A98BE5517D703B700B02C0B /* cCodeDay23 */ = {
			isa = PBXGroup;
			children = (
				5A98BE5F17D707F200B02C0B /* code */,
				5A98BE5617D703B700B02C0B /* main.c */,
				5A98BE5817D703B700B02C0B /* cCodeDay23.1 */,
			);
			path = cCodeDay23;
			sourceTree = "<group>";
		};
		5A98BE5F17D707F200B02C0B /* code */ = {
			isa = PBXGroup;
			children = (
				5A98BE6017D7080700B02C0B /* Demo.h */,
				5A98BE6117D7082E00B02C0B /* Demo.c */,
			);
			name = code;
			sourceTree = "<group>";
		};
/* End PBXGroup section */

/* Begin PBXNativeTarget section */
		5A98BE5217D703B700B02C0B /* cCodeDay23 */ = {
			isa = PBXNativeTarget;
			buildConfigurationList = 5A98BE5C17D703B700B02C0B /* Build configuration list for PBXNativeTarget "cCodeDay23" */;
			buildPhases = (
				5A98BE4F17D703B700B02C0B /* Sources */,
				5A98BE5017D703B700B02C0B /* Frameworks */,
				5A98BE5117D703B700B02C0B /* CopyFiles */,
			);
			buildRules = (
			);
			dependencies = (
			);
			name = cCodeDay23;
			productName = cCodeDay23;
			productReference = 5A98BE5317D703B700B02C0B /* cCodeDay23 */;
			productType = "com.apple.product-type.tool";
		};
/* End PBXNativeTarget section */

/* Begin PBXProject section */
		5A98BE4B17D703B700B02C0B /* Project object */ = {
			isa = PBXProject;
			attributes = {
				LastUpgradeCheck = 0460;
				ORGANIZATIONNAME = liu;
			};
			buildConfigurationList = 5A98BE4E17D703B700B02C0B /* Build configuration list for PBXProject "cCodeDay23" */;
			compatibilityVersion = "Xcode 3.2";
			developmentRegion = English;
			hasScannedForEncodings = 0;
			knownRegions = (
				en,
			);
			mainGroup = 5A98BE4A17D703B700B02C0B;
			productRefGroup = 5A98BE5417D703B700B02C0B /* Products */;
			projectDirPath = "";
			projectRoot = "";
			targets = (
				5A98BE5217D703B700B02C0B /* cCodeDay23 */,
			);
		};
/* End PBXProject section */

/* Begin PBXSourcesBuildPhase section */
		5A98BE4F17D703B700B02C0B /* Sources */ = {
			isa = PBXSourcesBuildPhase;
			buildActionMask = 2147483647;
			files = (
				5A98BE5717D703B700B02C0B /* main.c in Sources */,
				5A98BE6217D7082E00B02C0B /* Demo.c in Sources */,
			);
			runOnlyForDeploymentPostprocessing = 0;
		};
/* End PBXSourcesBuildPhase section */

/* Begin XCBuildConfiguration section */
		5A98BE5A17D703B700B02C0B /* Debug */ = {
			isa = XCBuildConfiguration;
			buildSettings = {
				ALWAYS_SEARCH_USER_PATHS = NO;
				ARCHS = "$(ARCHS_STANDARD_64_BIT)";
				CLANG_CXX_LANGUAGE_STANDARD = "gnu++0x";
				CLANG_CXX_LIBRARY = "libc++";
				CLANG_WARN_CONSTANT_CONVERSION = YES;
				CLANG_WARN_EMPTY_BODY = YES;
				CLANG_WARN_ENUM_CONVERSION = YES;
				CLANG_WARN_INT_CONVERSION = YES;
				CLANG_WARN__DUPLICATE_METHOD_MATCH = YES;
				COPY_PHASE_STRIP = NO;
				GCC_C_LANGUAGE_STANDARD = gnu99;
				GCC_DYNAMIC_NO_PIC = NO;
				GCC_ENABLE_OBJC_EXCEPTIONS = YES;
				GCC_OPTIMIZATION_LEVEL = 0;
				GCC_PREPROCESSOR_DEFINITIONS = (
					"DEBUG=1",
					"$(inherited)",
				);
				GCC_SYMBOLS_PRIVATE_EXTERN = NO;
				GCC_WARN_64_TO_32_BIT_CONVERSION = YES;
				GCC_WARN_ABOUT_RETURN_TYPE = YES;
				GCC_WARN_UNINITIALIZED_AUTOS = YES;
				GCC_WARN_UNUSED_VARIABLE = YES;
				MACOSX_DEPLOYMENT_TARGET = 10.8;
				ONLY_ACTIVE_ARCH = YES;
				SDKROOT = macosx;
			};
			name = Debug;
		};
		5A98BE5B17D703B700B02C0B /* Release */ = {
			isa = XCBuildConfiguration;
			buildSettings = {
				ALWAYS_SEARCH_USER_PATHS = NO;
				ARCHS = "$(ARCHS_STANDARD_64_BIT)";
				CLANG_CXX_LANGUAGE_STANDARD = "gnu++0x";
				CLANG_CXX_LIBRARY = "libc++";
				CLANG_WARN_CONSTANT_CONVERSION = YES;
				CLANG_WARN_EMPTY_BODY = YES;
				CLANG_WARN_ENUM_CONVERSION = YES;
				CLANG_WARN_INT_CONVERSION = YES;
				CLANG_WARN__DUPLICATE_METHOD_MATCH = YES;
				COPY_PHASE_STRIP = YES;
				DEBUG_INFORMATION_FORMAT = "dwarf-with-dsym";
				GCC_C_LANGUAGE_STANDARD = gnu99;
				GCC_ENABLE_OBJC_EXCEPTIONS = YES;
				GCC_WARN_64_TO_32_BIT_CONVERSION = YES;
				GCC_WARN_ABOUT_RETURN_TYPE = YES;
				GCC_WARN_UNINITIALIZED_AUTOS = YES;
				GCC_WARN_UNUSED_VARIABLE = YES;
				MACOSX_DEPLOYMENT_TARGET = 10.8;
				SDKROOT = macosx;
			};
			name = Release;
		};
		5A98BE5D17D703B700B02C0B /* Debug */ = {
			isa = XCBuildConfiguration;
			buildSettings = {
				PRODUCT_NAME = "$(TARGET_NAME)";
			};
			name = Debug;
		};
		5A98BE5E17D703B700B02C0B /* Release */ = {
			isa = XCBuildConfiguration;
			buildSettings = {
				PRODUCT_NAME = "$(TARGET_NAME)";
			};
			name = Release;
		};
/* End XCBuildConfiguration section */

/* Begin XCConfigurationList section */
		5A98BE4E17D703B700B02C0B /* Build configuration list for PBXProject "cCodeDay23" */ = {
			isa = XCConfigurationList;
			buildConfigurations = (
				5A98BE5A17D703B700B02C0B /* Debug */,
				5A98BE5B17D703B700B02C0B /* Release */,
			);
			defaultConfigurationIsVisible = 0;
			defaultConfigurationName = Release;
		};
		5A98BE5C17D703B700B02C0B /* Build configuration list for PBXNativeTarget "cCodeDay23" */ = {
			isa = XCConfigurationList;
			buildConfigurations = (
				5A98BE5D17D703B700B02C0B /* Debug */,
				5A98BE5E17D703B700B02C0B /* Release */,
			);
			defaultConfigurationIsVisible = 0;
		};
/* End XCConfigurationList section */
	};
	rootObject = 5A98BE4B17D703B700B02C0B /* Project object */;
}
