// !$*UTF8*$!
{
	archiveVersion = 1;
	classes = {
	};
	objectVersion = 46;
	objects = {

/* Begin PBXBuildFile section */
		550347451829006500A3F72C /* UIKit.framework in Frameworks */ = {isa = PBXBuildFile; fileRef = 550347441829006500A3F72C /* UIKit.framework */; };
		550347471829006500A3F72C /* Foundation.framework in Frameworks */ = {isa = PBXBuildFile; fileRef = 550347461829006500A3F72C /* Foundation.framework */; };
		550347491829006500A3F72C /* CoreGraphics.framework in Frameworks */ = {isa = PBXBuildFile; fileRef = 550347481829006500A3F72C /* CoreGraphics.framework */; };
		5503474F1829006500A3F72C /* InfoPlist.strings in Resources */ = {isa = PBXBuildFile; fileRef = 5503474D1829006500A3F72C /* InfoPlist.strings */; };
		550347511829006500A3F72C /* main.m in Sources */ = {isa = PBXBuildFile; fileRef = 550347501829006500A3F72C /* main.m */; };
		550347551829006500A3F72C /* AppDelegate.m in Sources */ = {isa = PBXBuildFile; fileRef = 550347541829006500A3F72C /* AppDelegate.m */; };
		550347571829006500A3F72C /* Default.png in Resources */ = {isa = PBXBuildFile; fileRef = 550347561829006500A3F72C /* Default.png */; };
		550347591829006500A3F72C /* Default@2x.png in Resources */ = {isa = PBXBuildFile; fileRef = 550347581829006500A3F72C /* Default@2x.png */; };
		5503475B1829006500A3F72C /* Default-568h@2x.png in Resources */ = {isa = PBXBuildFile; fileRef = 5503475A1829006500A3F72C /* Default-568h@2x.png */; };
		55034764182900B100A3F72C /* RootViewController.m in Sources */ = {isa = PBXBuildFile; fileRef = 55034762182900B100A3F72C /* RootViewController.m */; };
		55034765182900B100A3F72C /* RootViewController.xib in Resources */ = {isa = PBXBuildFile; fileRef = 55034763182900B100A3F72C /* RootViewController.xib */; };
		550347671829025B00A3F72C /* png5.png in Resources */ = {isa = PBXBuildFile; fileRef = 550347661829025B00A3F72C /* png5.png */; };
/* End PBXBuildFile section */

/* Begin PBXFileReference section */
		550347411829006500A3F72C /* tableViewDemo2.app */ = {isa = PBXFileReference; explicitFileType = wrapper.application; includeInIndex = 0; path = tableViewDemo2.app; sourceTree = BUILT_PRODUCTS_DIR; };
		550347441829006500A3F72C /* UIKit.framework */ = {isa = PBXFileReference; lastKnownFileType = wrapper.framework; name = UIKit.framework; path = System/Library/Frameworks/UIKit.framework; sourceTree = SDKROOT; };
		550347461829006500A3F72C /* Foundation.framework */ = {isa = PBXFileReference; lastKnownFileType = wrapper.framework; name = Foundation.framework; path = System/Library/Frameworks/Foundation.framework; sourceTree = SDKROOT; };
		550347481829006500A3F72C /* CoreGraphics.framework */ = {isa = PBXFileReference; lastKnownFileType = wrapper.framework; name = CoreGraphics.framework; path = System/Library/Frameworks/CoreGraphics.framework; sourceTree = SDKROOT; };
		5503474C1829006500A3F72C /* tableViewDemo2-Info.plist */ = {isa = PBXFileReference; lastKnownFileType = text.plist.xml; path = "tableViewDemo2-Info.plist"; sourceTree = "<group>"; };
		5503474E1829006500A3F72C /* en */ = {isa = PBXFileReference; lastKnownFileType = text.plist.strings; name = en; path = en.lproj/InfoPlist.strings; sourceTree = "<group>"; };
		550347501829006500A3F72C /* main.m */ = {isa = PBXFileReference; lastKnownFileType = sourcecode.c.objc; path = main.m; sourceTree = "<group>"; };
		550347521829006500A3F72C /* tableViewDemo2-Prefix.pch */ = {isa = PBXFileReference; lastKnownFileType = sourcecode.c.h; path = "tableViewDemo2-Prefix.pch"; sourceTree = "<group>"; };
		550347531829006500A3F72C /* AppDelegate.h */ = {isa = PBXFileReference; lastKnownFileType = sourcecode.c.h; path = AppDelegate.h; sourceTree = "<group>"; };
		550347541829006500A3F72C /* AppDelegate.m */ = {isa = PBXFileReference; lastKnownFileType = sourcecode.c.objc; path = AppDelegate.m; sourceTree = "<group>"; };
		550347561829006500A3F72C /* Default.png */ = {isa = PBXFileReference; lastKnownFileType = image.png; path = Default.png; sourceTree = "<group>"; };
		550347581829006500A3F72C /* Default@2x.png */ = {isa = PBXFileReference; lastKnownFileType = image.png; path = "Default@2x.png"; sourceTree = "<group>"; };
		5503475A1829006500A3F72C /* Default-568h@2x.png */ = {isa = PBXFileReference; lastKnownFileType = image.png; path = "Default-568h@2x.png"; sourceTree = "<group>"; };
		55034761182900B100A3F72C /* RootViewController.h */ = {isa = PBXFileReference; fileEncoding = 4; lastKnownFileType = sourcecode.c.h; path = RootViewController.h; sourceTree = "<group>"; };
		55034762182900B100A3F72C /* RootViewController.m */ = {isa = PBXFileReference; fileEncoding = 4; lastKnownFileType = sourcecode.c.objc; path = RootViewController.m; sourceTree = "<group>"; };
		55034763182900B100A3F72C /* RootViewController.xib */ = {isa = PBXFileReference; fileEncoding = 4; lastKnownFileType = file.xib; path = RootViewController.xib; sourceTree = "<group>"; };
		550347661829025B00A3F72C /* png5.png */ = {isa = PBXFileReference; lastKnownFileType = image.png; name = png5.png; path = "../../../IOS-Day9-视图和动画/课堂截图/png5.png"; sourceTree = "<group>"; };
/* End PBXFileReference section */

/* Begin PBXFrameworksBuildPhase section */
		5503473E1829006500A3F72C /* Frameworks */ = {
			isa = PBXFrameworksBuildPhase;
			buildActionMask = 2147483647;
			files = (
				550347451829006500A3F72C /* UIKit.framework in Frameworks */,
				550347471829006500A3F72C /* Foundation.framework in Frameworks */,
				550347491829006500A3F72C /* CoreGraphics.framework in Frameworks */,
			);
			runOnlyForDeploymentPostprocessing = 0;
		};
/* End PBXFrameworksBuildPhase section */

/* Begin PBXGroup section */
		550347381829006500A3F72C = {
			isa = PBXGroup;
			children = (
				5503474A1829006500A3F72C /* tableViewDemo2 */,
				550347431829006500A3F72C /* Frameworks */,
				550347421829006500A3F72C /* Products */,
			);
			sourceTree = "<group>";
		};
		550347421829006500A3F72C /* Products */ = {
			isa = PBXGroup;
			children = (
				550347411829006500A3F72C /* tableViewDemo2.app */,
			);
			name = Products;
			sourceTree = "<group>";
		};
		550347431829006500A3F72C /* Frameworks */ = {
			isa = PBXGroup;
			children = (
				550347441829006500A3F72C /* UIKit.framework */,
				550347461829006500A3F72C /* Foundation.framework */,
				550347481829006500A3F72C /* CoreGraphics.framework */,
			);
			name = Frameworks;
			sourceTree = "<group>";
		};
		5503474A1829006500A3F72C /* tableViewDemo2 */ = {
			isa = PBXGroup;
			children = (
				550347661829025B00A3F72C /* png5.png */,
				550347531829006500A3F72C /* AppDelegate.h */,
				550347541829006500A3F72C /* AppDelegate.m */,
				5503474B1829006500A3F72C /* Supporting Files */,
				55034761182900B100A3F72C /* RootViewController.h */,
				55034762182900B100A3F72C /* RootViewController.m */,
				55034763182900B100A3F72C /* RootViewController.xib */,
			);
			path = tableViewDemo2;
			sourceTree = "<group>";
		};
		5503474B1829006500A3F72C /* Supporting Files */ = {
			isa = PBXGroup;
			children = (
				5503474C1829006500A3F72C /* tableViewDemo2-Info.plist */,
				5503474D1829006500A3F72C /* InfoPlist.strings */,
				550347501829006500A3F72C /* main.m */,
				550347521829006500A3F72C /* tableViewDemo2-Prefix.pch */,
				550347561829006500A3F72C /* Default.png */,
				550347581829006500A3F72C /* Default@2x.png */,
				5503475A1829006500A3F72C /* Default-568h@2x.png */,
			);
			name = "Supporting Files";
			sourceTree = "<group>";
		};
/* End PBXGroup section */

/* Begin PBXNativeTarget section */
		550347401829006500A3F72C /* tableViewDemo2 */ = {
			isa = PBXNativeTarget;
			buildConfigurationList = 5503475E1829006500A3F72C /* Build configuration list for PBXNativeTarget "tableViewDemo2" */;
			buildPhases = (
				5503473D1829006500A3F72C /* Sources */,
				5503473E1829006500A3F72C /* Frameworks */,
				5503473F1829006500A3F72C /* Resources */,
			);
			buildRules = (
			);
			dependencies = (
			);
			name = tableViewDemo2;
			productName = tableViewDemo2;
			productReference = 550347411829006500A3F72C /* tableViewDemo2.app */;
			productType = "com.apple.product-type.application";
		};
/* End PBXNativeTarget section */

/* Begin PBXProject section */
		550347391829006500A3F72C /* Project object */ = {
			isa = PBXProject;
			attributes = {
				LastUpgradeCheck = 0460;
				ORGANIZATIONNAME = xxxx;
			};
			buildConfigurationList = 5503473C1829006500A3F72C /* Build configuration list for PBXProject "tableViewDemo2" */;
			compatibilityVersion = "Xcode 3.2";
			developmentRegion = English;
			hasScannedForEncodings = 0;
			knownRegions = (
				en,
			);
			mainGroup = 550347381829006500A3F72C;
			productRefGroup = 550347421829006500A3F72C /* Products */;
			projectDirPath = "";
			projectRoot = "";
			targets = (
				550347401829006500A3F72C /* tableViewDemo2 */,
			);
		};
/* End PBXProject section */

/* Begin PBXResourcesBuildPhase section */
		5503473F1829006500A3F72C /* Resources */ = {
			isa = PBXResourcesBuildPhase;
			buildActionMask = 2147483647;
			files = (
				5503474F1829006500A3F72C /* InfoPlist.strings in Resources */,
				550347571829006500A3F72C /* Default.png in Resources */,
				550347591829006500A3F72C /* Default@2x.png in Resources */,
				5503475B1829006500A3F72C /* Default-568h@2x.png in Resources */,
				55034765182900B100A3F72C /* RootViewController.xib in Resources */,
				550347671829025B00A3F72C /* png5.png in Resources */,
			);
			runOnlyForDeploymentPostprocessing = 0;
		};
/* End PBXResourcesBuildPhase section */

/* Begin PBXSourcesBuildPhase section */
		5503473D1829006500A3F72C /* Sources */ = {
			isa = PBXSourcesBuildPhase;
			buildActionMask = 2147483647;
			files = (
				550347511829006500A3F72C /* main.m in Sources */,
				550347551829006500A3F72C /* AppDelegate.m in Sources */,
				55034764182900B100A3F72C /* RootViewController.m in Sources */,
			);
			runOnlyForDeploymentPostprocessing = 0;
		};
/* End PBXSourcesBuildPhase section */

/* Begin PBXVariantGroup section */
		5503474D1829006500A3F72C /* InfoPlist.strings */ = {
			isa = PBXVariantGroup;
			children = (
				5503474E1829006500A3F72C /* en */,
			);
			name = InfoPlist.strings;
			sourceTree = "<group>";
		};
/* End PBXVariantGroup section */

/* Begin XCBuildConfiguration section */
		5503475C1829006500A3F72C /* Debug */ = {
			isa = XCBuildConfiguration;
			buildSettings = {
				ALWAYS_SEARCH_USER_PATHS = NO;
				CLANG_CXX_LANGUAGE_STANDARD = "gnu++0x";
				CLANG_CXX_LIBRARY = "libc++";
				CLANG_ENABLE_OBJC_ARC = YES;
				CLANG_WARN_CONSTANT_CONVERSION = YES;
				CLANG_WARN_EMPTY_BODY = YES;
				CLANG_WARN_ENUM_CONVERSION = YES;
				CLANG_WARN_INT_CONVERSION = YES;
				CLANG_WARN__DUPLICATE_METHOD_MATCH = YES;
				"CODE_SIGN_IDENTITY[sdk=iphoneos*]" = "iPhone Developer";
				COPY_PHASE_STRIP = NO;
				GCC_C_LANGUAGE_STANDARD = gnu99;
				GCC_DYNAMIC_NO_PIC = NO;
				GCC_OPTIMIZATION_LEVEL = 0;
				GCC_PREPROCESSOR_DEFINITIONS = (
					"DEBUG=1",
					"$(inherited)",
				);
				GCC_SYMBOLS_PRIVATE_EXTERN = NO;
				GCC_WARN_ABOUT_RETURN_TYPE = YES;
				GCC_WARN_UNINITIALIZED_AUTOS = YES;
				GCC_WARN_UNUSED_VARIABLE = YES;
				IPHONEOS_DEPLOYMENT_TARGET = 6.1;
				ONLY_ACTIVE_ARCH = YES;
				SDKROOT = iphoneos;
			};
			name = Debug;
		};
		5503475D1829006500A3F72C /* Release */ = {
			isa = XCBuildConfiguration;
			buildSettings = {
				ALWAYS_SEARCH_USER_PATHS = NO;
				CLANG_CXX_LANGUAGE_STANDARD = "gnu++0x";
				CLANG_CXX_LIBRARY = "libc++";
				CLANG_ENABLE_OBJC_ARC = YES;
				CLANG_WARN_CONSTANT_CONVERSION = YES;
				CLANG_WARN_EMPTY_BODY = YES;
				CLANG_WARN_ENUM_CONVERSION = YES;
				CLANG_WARN_INT_CONVERSION = YES;
				CLANG_WARN__DUPLICATE_METHOD_MATCH = YES;
				"CODE_SIGN_IDENTITY[sdk=iphoneos*]" = "iPhone Developer";
				COPY_PHASE_STRIP = YES;
				GCC_C_LANGUAGE_STANDARD = gnu99;
				GCC_WARN_ABOUT_RETURN_TYPE = YES;
				GCC_WARN_UNINITIALIZED_AUTOS = YES;
				GCC_WARN_UNUSED_VARIABLE = YES;
				IPHONEOS_DEPLOYMENT_TARGET = 6.1;
				OTHER_CFLAGS = "-DNS_BLOCK_ASSERTIONS=1";
				SDKROOT = iphoneos;
				VALIDATE_PRODUCT = YES;
			};
			name = Release;
		};
		5503475F1829006500A3F72C /* Debug */ = {
			isa = XCBuildConfiguration;
			buildSettings = {
				GCC_PRECOMPILE_PREFIX_HEADER = YES;
				GCC_PREFIX_HEADER = "tableViewDemo2/tableViewDemo2-Prefix.pch";
				INFOPLIST_FILE = "tableViewDemo2/tableViewDemo2-Info.plist";
				PRODUCT_NAME = "$(TARGET_NAME)";
				WRAPPER_EXTENSION = app;
			};
			name = Debug;
		};
		550347601829006500A3F72C /* Release */ = {
			isa = XCBuildConfiguration;
			buildSettings = {
				GCC_PRECOMPILE_PREFIX_HEADER = YES;
				GCC_PREFIX_HEADER = "tableViewDemo2/tableViewDemo2-Prefix.pch";
				INFOPLIST_FILE = "tableViewDemo2/tableViewDemo2-Info.plist";
				PRODUCT_NAME = "$(TARGET_NAME)";
				WRAPPER_EXTENSION = app;
			};
			name = Release;
		};
/* End XCBuildConfiguration section */

/* Begin XCConfigurationList section */
		5503473C1829006500A3F72C /* Build configuration list for PBXProject "tableViewDemo2" */ = {
			isa = XCConfigurationList;
			buildConfigurations = (
				5503475C1829006500A3F72C /* Debug */,
				5503475D1829006500A3F72C /* Release */,
			);
			defaultConfigurationIsVisible = 0;
			defaultConfigurationName = Release;
		};
		5503475E1829006500A3F72C /* Build configuration list for PBXNativeTarget "tableViewDemo2" */ = {
			isa = XCConfigurationList;
			buildConfigurations = (
				5503475F1829006500A3F72C /* Debug */,
				550347601829006500A3F72C /* Release */,
			);
			defaultConfigurationIsVisible = 0;
		};
/* End XCConfigurationList section */
	};
	rootObject = 550347391829006500A3F72C /* Project object */;
}
